// !$*UTF8*$!
{
	archiveVersion = 1;
	classes = {
	};
	objectVersion = 50;
	objects = {

/* Begin PBXBuildFile section */
		0E53B4F8218A4218003C85B1 /* main.cpp in Sources */ = {isa = PBXBuildFile; fileRef = 0E53B4F7218A4218003C85B1 /* main.cpp */; };
		0E53B4FE218A4226003C85B1 /* libRisk.a in Frameworks */ = {isa = PBXBuildFile; fileRef = B3BB81002165BE05005177BB /* libRisk.a */; };
		0E53B505218F5ECD003C85B1 /* reinforcephase.cpp in Sources */ = {isa = PBXBuildFile; fileRef = 0E53B503218F5ECD003C85B1 /* reinforcephase.cpp */; };
		0E53B506218F5ECD003C85B1 /* reinforcephase.h in Headers */ = {isa = PBXBuildFile; fileRef = 0E53B504218F5ECD003C85B1 /* reinforcephase.h */; };
		0E573FBD219DF993005E1650 /* reinforceview.cpp in Sources */ = {isa = PBXBuildFile; fileRef = 0E573FBB219DF993005E1650 /* reinforceview.cpp */; };
		0E573FBE219DF993005E1650 /* reinforceview.h in Headers */ = {isa = PBXBuildFile; fileRef = 0E573FBC219DF993005E1650 /* reinforceview.h */; };
		0E573FC121A24143005E1650 /* agressiveReinforce.cpp in Sources */ = {isa = PBXBuildFile; fileRef = 0E573FBF21A24143005E1650 /* agressiveReinforce.cpp */; };
		0E573FC221A24143005E1650 /* agressiveReinforce.h in Headers */ = {isa = PBXBuildFile; fileRef = 0E573FC021A24143005E1650 /* agressiveReinforce.h */; };
		0E573FC521A2467E005E1650 /* passiveReinforce.cpp in Sources */ = {isa = PBXBuildFile; fileRef = 0E573FC321A2467E005E1650 /* passiveReinforce.cpp */; };
		0E573FC621A2467E005E1650 /* passiveReinforce.h in Headers */ = {isa = PBXBuildFile; fileRef = 0E573FC421A2467E005E1650 /* passiveReinforce.h */; };
		0E573FCB21B0E822005E1650 /* randomReinforce.cpp in Sources */ = {isa = PBXBuildFile; fileRef = 0E573FC921B0E822005E1650 /* randomReinforce.cpp */; };
		0E573FCC21B0E822005E1650 /* randomReinforce.h in Headers */ = {isa = PBXBuildFile; fileRef = 0E573FCA21B0E822005E1650 /* randomReinforce.h */; };
		0E573FCF21B0EC91005E1650 /* cheaterReinforce.cpp in Sources */ = {isa = PBXBuildFile; fileRef = 0E573FCD21B0EC91005E1650 /* cheaterReinforce.cpp */; };
		0E573FD021B0EC91005E1650 /* cheaterReinforce.h in Headers */ = {isa = PBXBuildFile; fileRef = 0E573FCE21B0EC91005E1650 /* cheaterReinforce.h */; };
		3400881B2195449C00D23A85 /* attackview.cpp in Sources */ = {isa = PBXBuildFile; fileRef = 340088192195449C00D23A85 /* attackview.cpp */; };
		3400881C2195449C00D23A85 /* attackview.h in Headers */ = {isa = PBXBuildFile; fileRef = 3400881A2195449C00D23A85 /* attackview.h */; };
		34189EB2219E9E710059D6C0 /* agressiveAttack.cpp in Sources */ = {isa = PBXBuildFile; fileRef = 34189EB0219E9E710059D6C0 /* agressiveAttack.cpp */; };
		34189EB3219E9E710059D6C0 /* agressiveAttack.h in Headers */ = {isa = PBXBuildFile; fileRef = 34189EB1219E9E710059D6C0 /* agressiveAttack.h */; };
		34189EB6219E9F750059D6C0 /* passiveAttack.cpp in Sources */ = {isa = PBXBuildFile; fileRef = 34189EB4219E9F750059D6C0 /* passiveAttack.cpp */; };
		34189EB7219E9F750059D6C0 /* passiveAttack.h in Headers */ = {isa = PBXBuildFile; fileRef = 34189EB5219E9F750059D6C0 /* passiveAttack.h */; };
		341F25DC21ADFEC10059C202 /* RandomStrategy.cpp in Sources */ = {isa = PBXBuildFile; fileRef = 341F25DA21ADFEC10059C202 /* RandomStrategy.cpp */; };
		341F25DD21ADFEC10059C202 /* RandomStrategy.h in Headers */ = {isa = PBXBuildFile; fileRef = 341F25DB21ADFEC10059C202 /* RandomStrategy.h */; };
		341F25E021ADFED90059C202 /* CheaterStrategy.cpp in Sources */ = {isa = PBXBuildFile; fileRef = 341F25DE21ADFED90059C202 /* CheaterStrategy.cpp */; };
		341F25E121ADFED90059C202 /* CheaterStrategy.h in Headers */ = {isa = PBXBuildFile; fileRef = 341F25DF21ADFED90059C202 /* CheaterStrategy.h */; };
		341F25E421AE015F0059C202 /* RandomAttack.cpp in Sources */ = {isa = PBXBuildFile; fileRef = 341F25E221AE015F0059C202 /* RandomAttack.cpp */; };
		341F25E521AE015F0059C202 /* RandomAttack.h in Headers */ = {isa = PBXBuildFile; fileRef = 341F25E321AE015F0059C202 /* RandomAttack.h */; };
		341F25E821AE09970059C202 /* CheaterAttack.cpp in Sources */ = {isa = PBXBuildFile; fileRef = 341F25E621AE09970059C202 /* CheaterAttack.cpp */; };
		341F25E921AE09970059C202 /* CheaterAttack.h in Headers */ = {isa = PBXBuildFile; fileRef = 341F25E721AE09970059C202 /* CheaterAttack.h */; };
		34362E06218167C900838F6F /* attackphase.cpp in Sources */ = {isa = PBXBuildFile; fileRef = 34362E05218167C900838F6F /* attackphase.cpp */; };
		34362E08218167EE00838F6F /* attackphase.h in Headers */ = {isa = PBXBuildFile; fileRef = 34362E07218167EE00838F6F /* attackphase.h */; };
		34AD28D721A14B8700669DB6 /* BenevolentStrategy.cpp in Sources */ = {isa = PBXBuildFile; fileRef = 34AD28D521A14B8700669DB6 /* BenevolentStrategy.cpp */; };
		34AD28D821A14B8700669DB6 /* BenevolentStrategy.h in Headers */ = {isa = PBXBuildFile; fileRef = 34AD28D621A14B8700669DB6 /* BenevolentStrategy.h */; };
		34CB6CD92188E297004054F6 /* main.cpp in Sources */ = {isa = PBXBuildFile; fileRef = 34CB6CD82188E297004054F6 /* main.cpp */; };
		34CB6CE321894D0D004054F6 /* libRisk.a in Frameworks */ = {isa = PBXBuildFile; fileRef = B3BB81002165BE05005177BB /* libRisk.a */; };
		6B0E768F217E62D5006CECD2 /* controllergamestart.cpp in Sources */ = {isa = PBXBuildFile; fileRef = 6B0E768D217E62D5006CECD2 /* controllergamestart.cpp */; };
		6B0E7690217E62D5006CECD2 /* controllergamestart.cpp in Sources */ = {isa = PBXBuildFile; fileRef = 6B0E768D217E62D5006CECD2 /* controllergamestart.cpp */; };
		6B0E7691217E62D5006CECD2 /* controllergamestart.h in Headers */ = {isa = PBXBuildFile; fileRef = 6B0E768E217E62D5006CECD2 /* controllergamestart.h */; };
		6B0E7694217FD5F0006CECD2 /* viewgamestart.cpp in Sources */ = {isa = PBXBuildFile; fileRef = 6B0E7692217FD5F0006CECD2 /* viewgamestart.cpp */; };
		6B0E7695217FD5F0006CECD2 /* viewgamestart.cpp in Sources */ = {isa = PBXBuildFile; fileRef = 6B0E7692217FD5F0006CECD2 /* viewgamestart.cpp */; };
		6B0E769A217FF894006CECD2 /* viewgamestart.h in Headers */ = {isa = PBXBuildFile; fileRef = 6B0E7699217FF894006CECD2 /* viewgamestart.h */; };
		6B0E76BB218A6F55006CECD2 /* main.cpp in Sources */ = {isa = PBXBuildFile; fileRef = 6B0E76BA218A6F55006CECD2 /* main.cpp */; };
		6B0E76C1218A6F65006CECD2 /* libRisk.a in Frameworks */ = {isa = PBXBuildFile; fileRef = B3BB81002165BE05005177BB /* libRisk.a */; };
		6B0E76C9218A6F7B006CECD2 /* main.cpp in Sources */ = {isa = PBXBuildFile; fileRef = 6B0E76C8218A6F7B006CECD2 /* main.cpp */; };
		6B0E76CF218A6F86006CECD2 /* libRisk.a in Frameworks */ = {isa = PBXBuildFile; fileRef = B3BB81002165BE05005177BB /* libRisk.a */; };
		6B9B94BD2198E7BC00523ECD /* gamestatview.cpp in Sources */ = {isa = PBXBuildFile; fileRef = 6B9B94BB2198E7BC00523ECD /* gamestatview.cpp */; };
		6B9B94BE2198E7BC00523ECD /* gamestatview.h in Headers */ = {isa = PBXBuildFile; fileRef = 6B9B94BC2198E7BC00523ECD /* gamestatview.h */; };
		6BB65C9D2166A444007AFC39 /* maploader.h in Headers */ = {isa = PBXBuildFile; fileRef = 6BB65C9C2166A444007AFC39 /* maploader.h */; };
		6BB7267D21ACB1FD00C26153 /* tournament.cpp in Sources */ = {isa = PBXBuildFile; fileRef = 6BB7267B21ACB1FD00C26153 /* tournament.cpp */; };
		6BB7267E21ACB1FD00C26153 /* tournament.h in Headers */ = {isa = PBXBuildFile; fileRef = 6BB7267C21ACB1FD00C26153 /* tournament.h */; };
		6BB7268621ACC07500C26153 /* main.cpp in Sources */ = {isa = PBXBuildFile; fileRef = 6BB7268521ACC07500C26153 /* main.cpp */; };
		6BB7268A21ACC16B00C26153 /* libRisk.a in Frameworks */ = {isa = PBXBuildFile; fileRef = B3BB81002165BE05005177BB /* libRisk.a */; };
		B315A48F2165CCCC005CAFD4 /* main.cpp in Sources */ = {isa = PBXBuildFile; fileRef = B315A48E2165CCCC005CAFD4 /* main.cpp */; };
		B315A4952165CCDB005CAFD4 /* libRisk.a in Frameworks */ = {isa = PBXBuildFile; fileRef = B3BB81002165BE05005177BB /* libRisk.a */; };
		B315F96D21976A0D005A899B /* strategy.h in Headers */ = {isa = PBXBuildFile; fileRef = B315F96C21976A0D005A899B /* strategy.h */; };
		B315F96F21976BAF005A899B /* observer.h in Headers */ = {isa = PBXBuildFile; fileRef = B315F96E21976BAF005A899B /* observer.h */; };
		B315F97121976D80005A899B /* observable.h in Headers */ = {isa = PBXBuildFile; fileRef = B315F97021976D80005A899B /* observable.h */; };
		B315F9762198A504005A899B /* phaseview.cpp in Sources */ = {isa = PBXBuildFile; fileRef = B315F9742198A504005A899B /* phaseview.cpp */; };
		B315F9772198A504005A899B /* phaseview.h in Headers */ = {isa = PBXBuildFile; fileRef = B315F9752198A504005A899B /* phaseview.h */; };
		B32D3857218E4AA2000C1568 /* maingame.cpp in Sources */ = {isa = PBXBuildFile; fileRef = B32D3855218E4AA2000C1568 /* maingame.cpp */; };
		B32D3858218E4AA2000C1568 /* maingame.h in Headers */ = {isa = PBXBuildFile; fileRef = B32D3856218E4AA2000C1568 /* maingame.h */; };
		B32D3860218E54FE000C1568 /* main.cpp in Sources */ = {isa = PBXBuildFile; fileRef = B32D385F218E54FE000C1568 /* main.cpp */; };
		B32D3866218E5522000C1568 /* libRisk.a in Frameworks */ = {isa = PBXBuildFile; fileRef = B3BB81002165BE05005177BB /* libRisk.a */; };
		B35FED6C217ADB1B00FE6FA7 /* fortifycontroller.cpp in Sources */ = {isa = PBXBuildFile; fileRef = B35FED6A217ADB1B00FE6FA7 /* fortifycontroller.cpp */; };
		B35FED6D217ADB1B00FE6FA7 /* fortifycontroller.h in Headers */ = {isa = PBXBuildFile; fileRef = B35FED6B217ADB1B00FE6FA7 /* fortifycontroller.h */; };
		B35FED75217ADD2B00FE6FA7 /* main.cpp in Sources */ = {isa = PBXBuildFile; fileRef = B35FED74217ADD2B00FE6FA7 /* main.cpp */; };
		B35FED7B217AE56D00FE6FA7 /* fortifyview.cpp in Sources */ = {isa = PBXBuildFile; fileRef = B35FED79217AE56D00FE6FA7 /* fortifyview.cpp */; };
		B35FED7C217AE56D00FE6FA7 /* fortifyview.h in Headers */ = {isa = PBXBuildFile; fileRef = B35FED7A217AE56D00FE6FA7 /* fortifyview.h */; };
		B35FED7F217AEA7400FE6FA7 /* libRisk.a in Frameworks */ = {isa = PBXBuildFile; fileRef = B3BB81002165BE05005177BB /* libRisk.a */; };
		B38CB9572167D1B600EF5E5C /* libRisk.a in Frameworks */ = {isa = PBXBuildFile; fileRef = B3BB81002165BE05005177BB /* libRisk.a */; };
		B3907F1C219E1A7400975BFC /* aggressivestrategy.cpp in Sources */ = {isa = PBXBuildFile; fileRef = B3907F1A219E1A7400975BFC /* aggressivestrategy.cpp */; };
		B3907F1D219E1A7400975BFC /* aggressivestrategy.h in Headers */ = {isa = PBXBuildFile; fileRef = B3907F1B219E1A7400975BFC /* aggressivestrategy.h */; };
		B3A97EEC219CB6D600998A5D /* HumanPlayerStrategy.cpp in Sources */ = {isa = PBXBuildFile; fileRef = B3A97EEA219CB6D600998A5D /* HumanPlayerStrategy.cpp */; };
		B3A97EED219CB6D600998A5D /* HumanPlayerStrategy.h in Headers */ = {isa = PBXBuildFile; fileRef = B3A97EEB219CB6D600998A5D /* HumanPlayerStrategy.h */; };
		B3B2E8CD21669CAC00C2A4BA /* cardsdeck.cpp in Sources */ = {isa = PBXBuildFile; fileRef = B3B2E8CB21669CAC00C2A4BA /* cardsdeck.cpp */; };
		B3B2E8CE21669CAC00C2A4BA /* cardsdeck.h in Headers */ = {isa = PBXBuildFile; fileRef = B3B2E8CC21669CAC00C2A4BA /* cardsdeck.h */; };
		B3B2E8D621669CE300C2A4BA /* main.cpp in Sources */ = {isa = PBXBuildFile; fileRef = B3B2E8D521669CE300C2A4BA /* main.cpp */; };
		B3B2E8DC2166A89100C2A4BA /* player.cpp in Sources */ = {isa = PBXBuildFile; fileRef = B3B2E8DA2166A89100C2A4BA /* player.cpp */; };
		B3B2E8DD2166A89100C2A4BA /* player.h in Headers */ = {isa = PBXBuildFile; fileRef = B3B2E8DB2166A89100C2A4BA /* player.h */; };
		B3B2E8E52166AD0100C2A4BA /* main.cpp in Sources */ = {isa = PBXBuildFile; fileRef = B3B2E8E42166AD0100C2A4BA /* main.cpp */; };
		B3B2E8EB2166AD1400C2A4BA /* libRisk.a in Frameworks */ = {isa = PBXBuildFile; fileRef = B3BB81002165BE05005177BB /* libRisk.a */; };
		B3BB80E42165B7DA005177BB /* main.cpp in Sources */ = {isa = PBXBuildFile; fileRef = B3BB80E32165B7DA005177BB /* main.cpp */; };
		B3BB81042165BE18005177BB /* Dice.h in Headers */ = {isa = PBXBuildFile; fileRef = B3BB80DA2165B35A005177BB /* Dice.h */; };
		B3BB81052165BE18005177BB /* continent.h in Headers */ = {isa = PBXBuildFile; fileRef = B3BB80AD2165AD5B005177BB /* continent.h */; };
		B3BB81062165BE18005177BB /* country.h in Headers */ = {isa = PBXBuildFile; fileRef = B3BB80AB2165AD5A005177BB /* country.h */; };
		B3BB81072165BE18005177BB /* gamemap.h in Headers */ = {isa = PBXBuildFile; fileRef = B3BB80AC2165AD5A005177BB /* gamemap.h */; };
		B3BB810A2165BE5B005177BB /* continent.cpp in Sources */ = {isa = PBXBuildFile; fileRef = B3BB80A82165AD32005177BB /* continent.cpp */; };
		B3BB810B2165BE5B005177BB /* country.cpp in Sources */ = {isa = PBXBuildFile; fileRef = B3BB80AA2165AD32005177BB /* country.cpp */; };
		B3BB810C2165BE5B005177BB /* gamemap.cpp in Sources */ = {isa = PBXBuildFile; fileRef = B3BB80A92165AD32005177BB /* gamemap.cpp */; };
		B3BB810D2165BE6B005177BB /* Dice.cpp in Sources */ = {isa = PBXBuildFile; fileRef = B3BB80D82165B35A005177BB /* Dice.cpp */; };
		B3BB810F2165BEB9005177BB /* libRisk.a in Frameworks */ = {isa = PBXBuildFile; fileRef = B3BB81002165BE05005177BB /* libRisk.a */; };
		B3BB81172165BF08005177BB /* main.cpp in Sources */ = {isa = PBXBuildFile; fileRef = B3BB81162165BF08005177BB /* main.cpp */; };
		B3BB811D2165BF83005177BB /* libRisk.a in Frameworks */ = {isa = PBXBuildFile; fileRef = B3BB81002165BE05005177BB /* libRisk.a */; };
		B3F5B9DB216E5F6300A20B50 /* maploader.cpp in Sources */ = {isa = PBXBuildFile; fileRef = 6BB65C9A2166A42E007AFC39 /* maploader.cpp */; };
/* End PBXBuildFile section */

/* Begin PBXContainerItemProxy section */
		0E53B4FC218A4222003C85B1 /* PBXContainerItemProxy */ = {
			isa = PBXContainerItemProxy;
			containerPortal = B3BB80962165ABE9005177BB /* Project object */;
			proxyType = 1;
			remoteGlobalIDString = B3BB80FF2165BE05005177BB;
			remoteInfo = Risk;
		};
		34CB6CE121894D03004054F6 /* PBXContainerItemProxy */ = {
			isa = PBXContainerItemProxy;
			containerPortal = B3BB80962165ABE9005177BB /* Project object */;
			proxyType = 1;
			remoteGlobalIDString = B3BB80FF2165BE05005177BB;
			remoteInfo = Risk;
		};
		6B0E76BF218A6F60006CECD2 /* PBXContainerItemProxy */ = {
			isa = PBXContainerItemProxy;
			containerPortal = B3BB80962165ABE9005177BB /* Project object */;
			proxyType = 1;
			remoteGlobalIDString = B3BB80FF2165BE05005177BB;
			remoteInfo = Risk;
		};
		6B0E76CD218A6F81006CECD2 /* PBXContainerItemProxy */ = {
			isa = PBXContainerItemProxy;
			containerPortal = B3BB80962165ABE9005177BB /* Project object */;
			proxyType = 1;
			remoteGlobalIDString = B3BB80FF2165BE05005177BB;
			remoteInfo = Risk;
		};
		6BB7268B21AF4B7200C26153 /* PBXContainerItemProxy */ = {
			isa = PBXContainerItemProxy;
			containerPortal = B3BB80962165ABE9005177BB /* Project object */;
			proxyType = 1;
			remoteGlobalIDString = B3BB80FF2165BE05005177BB;
			remoteInfo = Risk;
		};
		B315A4932165CCD6005CAFD4 /* PBXContainerItemProxy */ = {
			isa = PBXContainerItemProxy;
			containerPortal = B3BB80962165ABE9005177BB /* Project object */;
			proxyType = 1;
			remoteGlobalIDString = B3BB80FF2165BE05005177BB;
			remoteInfo = Risk;
		};
		B32D3864218E551C000C1568 /* PBXContainerItemProxy */ = {
			isa = PBXContainerItemProxy;
			containerPortal = B3BB80962165ABE9005177BB /* Project object */;
			proxyType = 1;
			remoteGlobalIDString = B3BB80FF2165BE05005177BB;
			remoteInfo = Risk;
		};
		B35FED7D217AEA6800FE6FA7 /* PBXContainerItemProxy */ = {
			isa = PBXContainerItemProxy;
			containerPortal = B3BB80962165ABE9005177BB /* Project object */;
			proxyType = 1;
			remoteGlobalIDString = B3BB80FF2165BE05005177BB;
			remoteInfo = Risk;
		};
		B38CB9582167D1BB00EF5E5C /* PBXContainerItemProxy */ = {
			isa = PBXContainerItemProxy;
			containerPortal = B3BB80962165ABE9005177BB /* Project object */;
			proxyType = 1;
			remoteGlobalIDString = B3BB80FF2165BE05005177BB;
			remoteInfo = Risk;
		};
		B3B2E8E92166AD0E00C2A4BA /* PBXContainerItemProxy */ = {
			isa = PBXContainerItemProxy;
			containerPortal = B3BB80962165ABE9005177BB /* Project object */;
			proxyType = 1;
			remoteGlobalIDString = B3BB80FF2165BE05005177BB;
			remoteInfo = Risk;
		};
		B3BB81082165BE21005177BB /* PBXContainerItemProxy */ = {
			isa = PBXContainerItemProxy;
			containerPortal = B3BB80962165ABE9005177BB /* Project object */;
			proxyType = 1;
			remoteGlobalIDString = B3BB80FF2165BE05005177BB;
			remoteInfo = Risk;
		};
		B3BB811B2165BF7D005177BB /* PBXContainerItemProxy */ = {
			isa = PBXContainerItemProxy;
			containerPortal = B3BB80962165ABE9005177BB /* Project object */;
			proxyType = 1;
			remoteGlobalIDString = B3BB80FF2165BE05005177BB;
			remoteInfo = Risk;
		};
/* End PBXContainerItemProxy section */

/* Begin PBXCopyFilesBuildPhase section */
		0E53B4F3218A4218003C85B1 /* CopyFiles */ = {
			isa = PBXCopyFilesBuildPhase;
			buildActionMask = 2147483647;
			dstPath = /usr/share/man/man1/;
			dstSubfolderSpec = 0;
			files = (
			);
			runOnlyForDeploymentPostprocessing = 1;
		};
		34CB6CD42188E297004054F6 /* CopyFiles */ = {
			isa = PBXCopyFilesBuildPhase;
			buildActionMask = 2147483647;
			dstPath = /usr/share/man/man1/;
			dstSubfolderSpec = 0;
			files = (
			);
			runOnlyForDeploymentPostprocessing = 1;
		};
		6B0E76B6218A6F55006CECD2 /* CopyFiles */ = {
			isa = PBXCopyFilesBuildPhase;
			buildActionMask = 2147483647;
			dstPath = /usr/share/man/man1/;
			dstSubfolderSpec = 0;
			files = (
			);
			runOnlyForDeploymentPostprocessing = 1;
		};
		6B0E76C4218A6F7A006CECD2 /* CopyFiles */ = {
			isa = PBXCopyFilesBuildPhase;
			buildActionMask = 2147483647;
			dstPath = /usr/share/man/man1/;
			dstSubfolderSpec = 0;
			files = (
			);
			runOnlyForDeploymentPostprocessing = 1;
		};
		6BB7268121ACC07500C26153 /* CopyFiles */ = {
			isa = PBXCopyFilesBuildPhase;
			buildActionMask = 2147483647;
			dstPath = /usr/share/man/man1/;
			dstSubfolderSpec = 0;
			files = (
			);
			runOnlyForDeploymentPostprocessing = 1;
		};
		B315A48A2165CCCC005CAFD4 /* CopyFiles */ = {
			isa = PBXCopyFilesBuildPhase;
			buildActionMask = 2147483647;
			dstPath = /usr/share/man/man1/;
			dstSubfolderSpec = 0;
			files = (
			);
			runOnlyForDeploymentPostprocessing = 1;
		};
		B32D385B218E54FE000C1568 /* CopyFiles */ = {
			isa = PBXCopyFilesBuildPhase;
			buildActionMask = 2147483647;
			dstPath = /usr/share/man/man1/;
			dstSubfolderSpec = 0;
			files = (
			);
			runOnlyForDeploymentPostprocessing = 1;
		};
		B35FED70217ADD2B00FE6FA7 /* CopyFiles */ = {
			isa = PBXCopyFilesBuildPhase;
			buildActionMask = 2147483647;
			dstPath = /usr/share/man/man1/;
			dstSubfolderSpec = 0;
			files = (
			);
			runOnlyForDeploymentPostprocessing = 1;
		};
		B3B2E8D121669CE300C2A4BA /* CopyFiles */ = {
			isa = PBXCopyFilesBuildPhase;
			buildActionMask = 2147483647;
			dstPath = /usr/share/man/man1/;
			dstSubfolderSpec = 0;
			files = (
			);
			runOnlyForDeploymentPostprocessing = 1;
		};
		B3B2E8E02166AD0100C2A4BA /* CopyFiles */ = {
			isa = PBXCopyFilesBuildPhase;
			buildActionMask = 2147483647;
			dstPath = /usr/share/man/man1/;
			dstSubfolderSpec = 0;
			files = (
			);
			runOnlyForDeploymentPostprocessing = 1;
		};
		B3BB80DF2165B7D9005177BB /* CopyFiles */ = {
			isa = PBXCopyFilesBuildPhase;
			buildActionMask = 2147483647;
			dstPath = /usr/share/man/man1/;
			dstSubfolderSpec = 0;
			files = (
			);
			runOnlyForDeploymentPostprocessing = 1;
		};
		B3BB81122165BF08005177BB /* CopyFiles */ = {
			isa = PBXCopyFilesBuildPhase;
			buildActionMask = 2147483647;
			dstPath = /usr/share/man/man1/;
			dstSubfolderSpec = 0;
			files = (
			);
			runOnlyForDeploymentPostprocessing = 1;
		};
/* End PBXCopyFilesBuildPhase section */

/* Begin PBXFileReference section */
		0E53B4F5218A4218003C85B1 /* ReinforceDriver */ = {isa = PBXFileReference; explicitFileType = "compiled.mach-o.executable"; includeInIndex = 0; path = ReinforceDriver; sourceTree = BUILT_PRODUCTS_DIR; };
		0E53B4F7218A4218003C85B1 /* main.cpp */ = {isa = PBXFileReference; lastKnownFileType = sourcecode.cpp.cpp; path = main.cpp; sourceTree = "<group>"; };
		0E53B503218F5ECD003C85B1 /* reinforcephase.cpp */ = {isa = PBXFileReference; lastKnownFileType = sourcecode.cpp.cpp; path = reinforcephase.cpp; sourceTree = "<group>"; };
		0E53B504218F5ECD003C85B1 /* reinforcephase.h */ = {isa = PBXFileReference; lastKnownFileType = sourcecode.c.h; path = reinforcephase.h; sourceTree = "<group>"; };
		0E573FBB219DF993005E1650 /* reinforceview.cpp */ = {isa = PBXFileReference; lastKnownFileType = sourcecode.cpp.cpp; path = reinforceview.cpp; sourceTree = "<group>"; };
		0E573FBC219DF993005E1650 /* reinforceview.h */ = {isa = PBXFileReference; lastKnownFileType = sourcecode.c.h; path = reinforceview.h; sourceTree = "<group>"; };
		0E573FBF21A24143005E1650 /* agressiveReinforce.cpp */ = {isa = PBXFileReference; lastKnownFileType = sourcecode.cpp.cpp; path = agressiveReinforce.cpp; sourceTree = "<group>"; };
		0E573FC021A24143005E1650 /* agressiveReinforce.h */ = {isa = PBXFileReference; lastKnownFileType = sourcecode.c.h; path = agressiveReinforce.h; sourceTree = "<group>"; };
		0E573FC321A2467E005E1650 /* passiveReinforce.cpp */ = {isa = PBXFileReference; lastKnownFileType = sourcecode.cpp.cpp; path = passiveReinforce.cpp; sourceTree = "<group>"; };
		0E573FC421A2467E005E1650 /* passiveReinforce.h */ = {isa = PBXFileReference; lastKnownFileType = sourcecode.c.h; path = passiveReinforce.h; sourceTree = "<group>"; };
		0E573FC921B0E822005E1650 /* randomReinforce.cpp */ = {isa = PBXFileReference; lastKnownFileType = sourcecode.cpp.cpp; path = randomReinforce.cpp; sourceTree = "<group>"; };
		0E573FCA21B0E822005E1650 /* randomReinforce.h */ = {isa = PBXFileReference; lastKnownFileType = sourcecode.c.h; path = randomReinforce.h; sourceTree = "<group>"; };
		0E573FCD21B0EC91005E1650 /* cheaterReinforce.cpp */ = {isa = PBXFileReference; lastKnownFileType = sourcecode.cpp.cpp; path = cheaterReinforce.cpp; sourceTree = "<group>"; };
		0E573FCE21B0EC91005E1650 /* cheaterReinforce.h */ = {isa = PBXFileReference; lastKnownFileType = sourcecode.c.h; path = cheaterReinforce.h; sourceTree = "<group>"; };
		340088192195449C00D23A85 /* attackview.cpp */ = {isa = PBXFileReference; lastKnownFileType = sourcecode.cpp.cpp; path = attackview.cpp; sourceTree = "<group>"; };
		3400881A2195449C00D23A85 /* attackview.h */ = {isa = PBXFileReference; lastKnownFileType = sourcecode.c.h; path = attackview.h; sourceTree = "<group>"; };
		34189EB0219E9E710059D6C0 /* agressiveAttack.cpp */ = {isa = PBXFileReference; lastKnownFileType = sourcecode.cpp.cpp; path = agressiveAttack.cpp; sourceTree = "<group>"; };
		34189EB1219E9E710059D6C0 /* agressiveAttack.h */ = {isa = PBXFileReference; lastKnownFileType = sourcecode.c.h; path = agressiveAttack.h; sourceTree = "<group>"; };
		34189EB4219E9F750059D6C0 /* passiveAttack.cpp */ = {isa = PBXFileReference; lastKnownFileType = sourcecode.cpp.cpp; path = passiveAttack.cpp; sourceTree = "<group>"; };
		34189EB5219E9F750059D6C0 /* passiveAttack.h */ = {isa = PBXFileReference; lastKnownFileType = sourcecode.c.h; path = passiveAttack.h; sourceTree = "<group>"; };
		341F25DA21ADFEC10059C202 /* RandomStrategy.cpp */ = {isa = PBXFileReference; lastKnownFileType = sourcecode.cpp.cpp; path = RandomStrategy.cpp; sourceTree = "<group>"; };
		341F25DB21ADFEC10059C202 /* RandomStrategy.h */ = {isa = PBXFileReference; lastKnownFileType = sourcecode.c.h; path = RandomStrategy.h; sourceTree = "<group>"; };
		341F25DE21ADFED90059C202 /* CheaterStrategy.cpp */ = {isa = PBXFileReference; lastKnownFileType = sourcecode.cpp.cpp; path = CheaterStrategy.cpp; sourceTree = "<group>"; };
		341F25DF21ADFED90059C202 /* CheaterStrategy.h */ = {isa = PBXFileReference; lastKnownFileType = sourcecode.c.h; path = CheaterStrategy.h; sourceTree = "<group>"; };
		341F25E221AE015F0059C202 /* RandomAttack.cpp */ = {isa = PBXFileReference; lastKnownFileType = sourcecode.cpp.cpp; path = RandomAttack.cpp; sourceTree = "<group>"; };
		341F25E321AE015F0059C202 /* RandomAttack.h */ = {isa = PBXFileReference; lastKnownFileType = sourcecode.c.h; path = RandomAttack.h; sourceTree = "<group>"; };
		341F25E621AE09970059C202 /* CheaterAttack.cpp */ = {isa = PBXFileReference; lastKnownFileType = sourcecode.cpp.cpp; path = CheaterAttack.cpp; sourceTree = "<group>"; };
		341F25E721AE09970059C202 /* CheaterAttack.h */ = {isa = PBXFileReference; lastKnownFileType = sourcecode.c.h; path = CheaterAttack.h; sourceTree = "<group>"; };
		34362E05218167C900838F6F /* attackphase.cpp */ = {isa = PBXFileReference; lastKnownFileType = sourcecode.cpp.cpp; path = attackphase.cpp; sourceTree = "<group>"; };
		34362E07218167EE00838F6F /* attackphase.h */ = {isa = PBXFileReference; lastKnownFileType = sourcecode.c.h; path = attackphase.h; sourceTree = "<group>"; };
		34AD28D521A14B8700669DB6 /* BenevolentStrategy.cpp */ = {isa = PBXFileReference; lastKnownFileType = sourcecode.cpp.cpp; path = BenevolentStrategy.cpp; sourceTree = "<group>"; };
		34AD28D621A14B8700669DB6 /* BenevolentStrategy.h */ = {isa = PBXFileReference; lastKnownFileType = sourcecode.c.h; path = BenevolentStrategy.h; sourceTree = "<group>"; };
		34CB6CD62188E297004054F6 /* AttackDriver */ = {isa = PBXFileReference; explicitFileType = "compiled.mach-o.executable"; includeInIndex = 0; path = AttackDriver; sourceTree = BUILT_PRODUCTS_DIR; };
		34CB6CD82188E297004054F6 /* main.cpp */ = {isa = PBXFileReference; lastKnownFileType = sourcecode.cpp.cpp; path = main.cpp; sourceTree = "<group>"; };
		6B0E768D217E62D5006CECD2 /* controllergamestart.cpp */ = {isa = PBXFileReference; lastKnownFileType = sourcecode.cpp.cpp; path = controllergamestart.cpp; sourceTree = "<group>"; };
		6B0E768E217E62D5006CECD2 /* controllergamestart.h */ = {isa = PBXFileReference; lastKnownFileType = sourcecode.c.h; path = controllergamestart.h; sourceTree = "<group>"; };
		6B0E7692217FD5F0006CECD2 /* viewgamestart.cpp */ = {isa = PBXFileReference; lastKnownFileType = sourcecode.cpp.cpp; path = viewgamestart.cpp; sourceTree = "<group>"; };
		6B0E7699217FF894006CECD2 /* viewgamestart.h */ = {isa = PBXFileReference; lastKnownFileType = sourcecode.c.h; path = viewgamestart.h; sourceTree = "<group>"; };
		6B0E76B8218A6F55006CECD2 /* GameStart */ = {isa = PBXFileReference; explicitFileType = "compiled.mach-o.executable"; includeInIndex = 0; path = GameStart; sourceTree = BUILT_PRODUCTS_DIR; };
		6B0E76BA218A6F55006CECD2 /* main.cpp */ = {isa = PBXFileReference; lastKnownFileType = sourcecode.cpp.cpp; path = main.cpp; sourceTree = "<group>"; };
		6B0E76C6218A6F7A006CECD2 /* GamePlay */ = {isa = PBXFileReference; explicitFileType = "compiled.mach-o.executable"; includeInIndex = 0; path = GamePlay; sourceTree = BUILT_PRODUCTS_DIR; };
		6B0E76C8218A6F7B006CECD2 /* main.cpp */ = {isa = PBXFileReference; lastKnownFileType = sourcecode.cpp.cpp; path = main.cpp; sourceTree = "<group>"; };
		6B690C36216FEF93001CFB90 /* Canada.map */ = {isa = PBXFileReference; lastKnownFileType = "sourcecode.module-map"; path = Canada.map; sourceTree = "<group>"; };
		6B9B94BB2198E7BC00523ECD /* gamestatview.cpp */ = {isa = PBXFileReference; lastKnownFileType = sourcecode.cpp.cpp; path = gamestatview.cpp; sourceTree = "<group>"; };
		6B9B94BC2198E7BC00523ECD /* gamestatview.h */ = {isa = PBXFileReference; lastKnownFileType = sourcecode.c.h; path = gamestatview.h; sourceTree = "<group>"; };
		6B9E4A132170F5C3003F8DBC /* Africa.map */ = {isa = PBXFileReference; lastKnownFileType = "sourcecode.module-map"; path = Africa.map; sourceTree = "<group>"; };
		6BB65C9A2166A42E007AFC39 /* maploader.cpp */ = {isa = PBXFileReference; fileEncoding = 4; lastKnownFileType = sourcecode.cpp.cpp; path = maploader.cpp; sourceTree = "<group>"; };
		6BB65C9C2166A444007AFC39 /* maploader.h */ = {isa = PBXFileReference; fileEncoding = 4; lastKnownFileType = sourcecode.c.h; path = maploader.h; sourceTree = "<group>"; };
		6BB65C9E216BEFD0007AFC39 /* World.map */ = {isa = PBXFileReference; fileEncoding = 4; lastKnownFileType = "sourcecode.module-map"; path = World.map; sourceTree = "<group>"; };
		6BB7267B21ACB1FD00C26153 /* tournament.cpp */ = {isa = PBXFileReference; lastKnownFileType = sourcecode.cpp.cpp; path = tournament.cpp; sourceTree = "<group>"; };
		6BB7267C21ACB1FD00C26153 /* tournament.h */ = {isa = PBXFileReference; lastKnownFileType = sourcecode.c.h; path = tournament.h; sourceTree = "<group>"; };
		6BB7268321ACC07500C26153 /* TournamentDriver */ = {isa = PBXFileReference; explicitFileType = "compiled.mach-o.executable"; includeInIndex = 0; path = TournamentDriver; sourceTree = BUILT_PRODUCTS_DIR; };
		6BB7268521ACC07500C26153 /* main.cpp */ = {isa = PBXFileReference; lastKnownFileType = sourcecode.cpp.cpp; path = main.cpp; sourceTree = "<group>"; };
		B315A48C2165CCCC005CAFD4 /* StatsWinnerDriver */ = {isa = PBXFileReference; explicitFileType = "compiled.mach-o.executable"; includeInIndex = 0; path = StatsWinnerDriver; sourceTree = BUILT_PRODUCTS_DIR; };
		B315A48E2165CCCC005CAFD4 /* main.cpp */ = {isa = PBXFileReference; lastKnownFileType = sourcecode.cpp.cpp; path = main.cpp; sourceTree = "<group>"; };
		B315F96C21976A0D005A899B /* strategy.h */ = {isa = PBXFileReference; lastKnownFileType = sourcecode.c.h; path = strategy.h; sourceTree = "<group>"; };
		B315F96E21976BAF005A899B /* observer.h */ = {isa = PBXFileReference; lastKnownFileType = sourcecode.c.h; path = observer.h; sourceTree = "<group>"; };
		B315F97021976D80005A899B /* observable.h */ = {isa = PBXFileReference; lastKnownFileType = sourcecode.c.h; path = observable.h; sourceTree = "<group>"; };
		B315F9742198A504005A899B /* phaseview.cpp */ = {isa = PBXFileReference; lastKnownFileType = sourcecode.cpp.cpp; path = phaseview.cpp; sourceTree = "<group>"; };
		B315F9752198A504005A899B /* phaseview.h */ = {isa = PBXFileReference; lastKnownFileType = sourcecode.c.h; path = phaseview.h; sourceTree = "<group>"; };
		B32D3855218E4AA2000C1568 /* maingame.cpp */ = {isa = PBXFileReference; lastKnownFileType = sourcecode.cpp.cpp; path = maingame.cpp; sourceTree = "<group>"; };
		B32D3856218E4AA2000C1568 /* maingame.h */ = {isa = PBXFileReference; lastKnownFileType = sourcecode.c.h; path = maingame.h; sourceTree = "<group>"; };
		B32D385D218E54FE000C1568 /* GameLoopDriver */ = {isa = PBXFileReference; explicitFileType = "compiled.mach-o.executable"; includeInIndex = 0; path = GameLoopDriver; sourceTree = BUILT_PRODUCTS_DIR; };
		B32D385F218E54FE000C1568 /* main.cpp */ = {isa = PBXFileReference; lastKnownFileType = sourcecode.cpp.cpp; path = main.cpp; sourceTree = "<group>"; };
		B35FED6A217ADB1B00FE6FA7 /* fortifycontroller.cpp */ = {isa = PBXFileReference; lastKnownFileType = sourcecode.cpp.cpp; path = fortifycontroller.cpp; sourceTree = "<group>"; };
		B35FED6B217ADB1B00FE6FA7 /* fortifycontroller.h */ = {isa = PBXFileReference; lastKnownFileType = sourcecode.c.h; path = fortifycontroller.h; sourceTree = "<group>"; };
		B35FED72217ADD2B00FE6FA7 /* FortifyControllerDriver */ = {isa = PBXFileReference; explicitFileType = "compiled.mach-o.executable"; includeInIndex = 0; path = FortifyControllerDriver; sourceTree = BUILT_PRODUCTS_DIR; };
		B35FED74217ADD2B00FE6FA7 /* main.cpp */ = {isa = PBXFileReference; lastKnownFileType = sourcecode.cpp.cpp; path = main.cpp; sourceTree = "<group>"; };
		B35FED79217AE56D00FE6FA7 /* fortifyview.cpp */ = {isa = PBXFileReference; lastKnownFileType = sourcecode.cpp.cpp; path = fortifyview.cpp; sourceTree = "<group>"; };
		B35FED7A217AE56D00FE6FA7 /* fortifyview.h */ = {isa = PBXFileReference; lastKnownFileType = sourcecode.c.h; path = fortifyview.h; sourceTree = "<group>"; };
		B3907F1A219E1A7400975BFC /* aggressivestrategy.cpp */ = {isa = PBXFileReference; lastKnownFileType = sourcecode.cpp.cpp; path = aggressivestrategy.cpp; sourceTree = "<group>"; };
		B3907F1B219E1A7400975BFC /* aggressivestrategy.h */ = {isa = PBXFileReference; lastKnownFileType = sourcecode.c.h; path = aggressivestrategy.h; sourceTree = "<group>"; };
		B3A97EEA219CB6D600998A5D /* HumanPlayerStrategy.cpp */ = {isa = PBXFileReference; lastKnownFileType = sourcecode.cpp.cpp; path = HumanPlayerStrategy.cpp; sourceTree = "<group>"; };
		B3A97EEB219CB6D600998A5D /* HumanPlayerStrategy.h */ = {isa = PBXFileReference; lastKnownFileType = sourcecode.c.h; path = HumanPlayerStrategy.h; sourceTree = "<group>"; };
		B3B2E8CB21669CAC00C2A4BA /* cardsdeck.cpp */ = {isa = PBXFileReference; lastKnownFileType = sourcecode.cpp.cpp; path = cardsdeck.cpp; sourceTree = "<group>"; };
		B3B2E8CC21669CAC00C2A4BA /* cardsdeck.h */ = {isa = PBXFileReference; lastKnownFileType = sourcecode.c.h; path = cardsdeck.h; sourceTree = "<group>"; };
		B3B2E8D321669CE300C2A4BA /* CardsDeckDriver */ = {isa = PBXFileReference; explicitFileType = "compiled.mach-o.executable"; includeInIndex = 0; path = CardsDeckDriver; sourceTree = BUILT_PRODUCTS_DIR; };
		B3B2E8D521669CE300C2A4BA /* main.cpp */ = {isa = PBXFileReference; lastKnownFileType = sourcecode.cpp.cpp; path = main.cpp; sourceTree = "<group>"; };
		B3B2E8DA2166A89100C2A4BA /* player.cpp */ = {isa = PBXFileReference; lastKnownFileType = sourcecode.cpp.cpp; path = player.cpp; sourceTree = "<group>"; };
		B3B2E8DB2166A89100C2A4BA /* player.h */ = {isa = PBXFileReference; lastKnownFileType = sourcecode.c.h; path = player.h; sourceTree = "<group>"; };
		B3B2E8E22166AD0100C2A4BA /* PlayerDriver */ = {isa = PBXFileReference; explicitFileType = "compiled.mach-o.executable"; includeInIndex = 0; path = PlayerDriver; sourceTree = BUILT_PRODUCTS_DIR; };
		B3B2E8E42166AD0100C2A4BA /* main.cpp */ = {isa = PBXFileReference; lastKnownFileType = sourcecode.cpp.cpp; path = main.cpp; sourceTree = "<group>"; };
		B3BB80A82165AD32005177BB /* continent.cpp */ = {isa = PBXFileReference; lastKnownFileType = sourcecode.cpp.cpp; path = continent.cpp; sourceTree = "<group>"; };
		B3BB80A92165AD32005177BB /* gamemap.cpp */ = {isa = PBXFileReference; lastKnownFileType = sourcecode.cpp.cpp; path = gamemap.cpp; sourceTree = "<group>"; };
		B3BB80AA2165AD32005177BB /* country.cpp */ = {isa = PBXFileReference; lastKnownFileType = sourcecode.cpp.cpp; path = country.cpp; sourceTree = "<group>"; };
		B3BB80AB2165AD5A005177BB /* country.h */ = {isa = PBXFileReference; lastKnownFileType = sourcecode.c.h; path = country.h; sourceTree = "<group>"; };
		B3BB80AC2165AD5A005177BB /* gamemap.h */ = {isa = PBXFileReference; lastKnownFileType = sourcecode.c.h; path = gamemap.h; sourceTree = "<group>"; };
		B3BB80AD2165AD5B005177BB /* continent.h */ = {isa = PBXFileReference; lastKnownFileType = sourcecode.c.h; path = continent.h; sourceTree = "<group>"; };
		B3BB80D82165B35A005177BB /* Dice.cpp */ = {isa = PBXFileReference; fileEncoding = 4; lastKnownFileType = sourcecode.cpp.cpp; path = Dice.cpp; sourceTree = "<group>"; };
		B3BB80DA2165B35A005177BB /* Dice.h */ = {isa = PBXFileReference; fileEncoding = 4; lastKnownFileType = sourcecode.c.h; path = Dice.h; sourceTree = "<group>"; };
		B3BB80E12165B7D9005177BB /* GameMapDriver */ = {isa = PBXFileReference; explicitFileType = "compiled.mach-o.executable"; includeInIndex = 0; path = GameMapDriver; sourceTree = BUILT_PRODUCTS_DIR; };
		B3BB80E32165B7DA005177BB /* main.cpp */ = {isa = PBXFileReference; lastKnownFileType = sourcecode.cpp.cpp; path = main.cpp; sourceTree = "<group>"; };
		B3BB81002165BE05005177BB /* libRisk.a */ = {isa = PBXFileReference; explicitFileType = archive.ar; includeInIndex = 0; path = libRisk.a; sourceTree = BUILT_PRODUCTS_DIR; };
		B3BB81142165BF08005177BB /* Dice */ = {isa = PBXFileReference; explicitFileType = "compiled.mach-o.executable"; includeInIndex = 0; path = Dice; sourceTree = BUILT_PRODUCTS_DIR; };
		B3BB81162165BF08005177BB /* main.cpp */ = {isa = PBXFileReference; lastKnownFileType = sourcecode.cpp.cpp; path = main.cpp; sourceTree = "<group>"; };
/* End PBXFileReference section */

/* Begin PBXFrameworksBuildPhase section */
		0E53B4F2218A4218003C85B1 /* Frameworks */ = {
			isa = PBXFrameworksBuildPhase;
			buildActionMask = 2147483647;
			files = (
				0E53B4FE218A4226003C85B1 /* libRisk.a in Frameworks */,
			);
			runOnlyForDeploymentPostprocessing = 0;
		};
		34CB6CD32188E297004054F6 /* Frameworks */ = {
			isa = PBXFrameworksBuildPhase;
			buildActionMask = 2147483647;
			files = (
				34CB6CE321894D0D004054F6 /* libRisk.a in Frameworks */,
			);
			runOnlyForDeploymentPostprocessing = 0;
		};
		6B0E76B5218A6F55006CECD2 /* Frameworks */ = {
			isa = PBXFrameworksBuildPhase;
			buildActionMask = 2147483647;
			files = (
				6B0E76C1218A6F65006CECD2 /* libRisk.a in Frameworks */,
			);
			runOnlyForDeploymentPostprocessing = 0;
		};
		6B0E76C3218A6F7A006CECD2 /* Frameworks */ = {
			isa = PBXFrameworksBuildPhase;
			buildActionMask = 2147483647;
			files = (
				6B0E76CF218A6F86006CECD2 /* libRisk.a in Frameworks */,
			);
			runOnlyForDeploymentPostprocessing = 0;
		};
		6BB7268021ACC07500C26153 /* Frameworks */ = {
			isa = PBXFrameworksBuildPhase;
			buildActionMask = 2147483647;
			files = (
				6BB7268A21ACC16B00C26153 /* libRisk.a in Frameworks */,
			);
			runOnlyForDeploymentPostprocessing = 0;
		};
		B315A4892165CCCC005CAFD4 /* Frameworks */ = {
			isa = PBXFrameworksBuildPhase;
			buildActionMask = 2147483647;
			files = (
				B315A4952165CCDB005CAFD4 /* libRisk.a in Frameworks */,
			);
			runOnlyForDeploymentPostprocessing = 0;
		};
		B32D385A218E54FE000C1568 /* Frameworks */ = {
			isa = PBXFrameworksBuildPhase;
			buildActionMask = 2147483647;
			files = (
				B32D3866218E5522000C1568 /* libRisk.a in Frameworks */,
			);
			runOnlyForDeploymentPostprocessing = 0;
		};
		B35FED6F217ADD2B00FE6FA7 /* Frameworks */ = {
			isa = PBXFrameworksBuildPhase;
			buildActionMask = 2147483647;
			files = (
				B35FED7F217AEA7400FE6FA7 /* libRisk.a in Frameworks */,
			);
			runOnlyForDeploymentPostprocessing = 0;
		};
		B3B2E8D021669CE300C2A4BA /* Frameworks */ = {
			isa = PBXFrameworksBuildPhase;
			buildActionMask = 2147483647;
			files = (
				B38CB9572167D1B600EF5E5C /* libRisk.a in Frameworks */,
			);
			runOnlyForDeploymentPostprocessing = 0;
		};
		B3B2E8DF2166AD0100C2A4BA /* Frameworks */ = {
			isa = PBXFrameworksBuildPhase;
			buildActionMask = 2147483647;
			files = (
				B3B2E8EB2166AD1400C2A4BA /* libRisk.a in Frameworks */,
			);
			runOnlyForDeploymentPostprocessing = 0;
		};
		B3BB80DE2165B7D9005177BB /* Frameworks */ = {
			isa = PBXFrameworksBuildPhase;
			buildActionMask = 2147483647;
			files = (
				B3BB810F2165BEB9005177BB /* libRisk.a in Frameworks */,
			);
			runOnlyForDeploymentPostprocessing = 0;
		};
		B3BB80FE2165BE05005177BB /* Frameworks */ = {
			isa = PBXFrameworksBuildPhase;
			buildActionMask = 2147483647;
			files = (
			);
			runOnlyForDeploymentPostprocessing = 0;
		};
		B3BB81112165BF08005177BB /* Frameworks */ = {
			isa = PBXFrameworksBuildPhase;
			buildActionMask = 2147483647;
			files = (
				B3BB811D2165BF83005177BB /* libRisk.a in Frameworks */,
			);
			runOnlyForDeploymentPostprocessing = 0;
		};
/* End PBXFrameworksBuildPhase section */

/* Begin PBXGroup section */
		0E53B4F6218A4218003C85B1 /* ReinforceDriver */ = {
			isa = PBXGroup;
			children = (
				0E53B4F7218A4218003C85B1 /* main.cpp */,
			);
			path = ReinforceDriver;
			sourceTree = "<group>";
		};
		34CB6CD72188E297004054F6 /* AttackDriver */ = {
			isa = PBXGroup;
			children = (
				34CB6CD82188E297004054F6 /* main.cpp */,
			);
			path = AttackDriver;
			sourceTree = "<group>";
		};
		6B0E76B9218A6F55006CECD2 /* GameStart */ = {
			isa = PBXGroup;
			children = (
				6B0E76BA218A6F55006CECD2 /* main.cpp */,
			);
			path = GameStart;
			sourceTree = "<group>";
		};
		6B0E76C7218A6F7B006CECD2 /* GamePlay */ = {
			isa = PBXGroup;
			children = (
				6B0E76C8218A6F7B006CECD2 /* main.cpp */,
			);
			path = GamePlay;
			sourceTree = "<group>";
		};
		6BB7268421ACC07500C26153 /* TournamentDriver */ = {
			isa = PBXGroup;
			children = (
				6BB7268521ACC07500C26153 /* main.cpp */,
			);
			path = TournamentDriver;
			sourceTree = "<group>";
		};
		B315A48D2165CCCC005CAFD4 /* StatsWinnerDriver */ = {
			isa = PBXGroup;
			children = (
				6B9E4A132170F5C3003F8DBC /* Africa.map */,
				6B690C36216FEF93001CFB90 /* Canada.map */,
				6BB65C9E216BEFD0007AFC39 /* World.map */,
				B315A48E2165CCCC005CAFD4 /* main.cpp */,
			);
			path = StatsWinnerDriver;
			sourceTree = "<group>";
		};
		B32D385E218E54FE000C1568 /* GameLoopDriver */ = {
			isa = PBXGroup;
			children = (
				B32D385F218E54FE000C1568 /* main.cpp */,
			);
			path = GameLoopDriver;
			sourceTree = "<group>";
		};
		B35FED73217ADD2B00FE6FA7 /* FortifyControllerDriver */ = {
			isa = PBXGroup;
			children = (
				B35FED74217ADD2B00FE6FA7 /* main.cpp */,
			);
			path = FortifyControllerDriver;
			sourceTree = "<group>";
		};
		B3B2E8D421669CE300C2A4BA /* CardsDeckDriver */ = {
			isa = PBXGroup;
			children = (
				B3B2E8D521669CE300C2A4BA /* main.cpp */,
			);
			path = CardsDeckDriver;
			sourceTree = "<group>";
		};
		B3B2E8E32166AD0100C2A4BA /* PlayerDriver */ = {
			isa = PBXGroup;
			children = (
				B3B2E8E42166AD0100C2A4BA /* main.cpp */,
			);
			path = PlayerDriver;
			sourceTree = "<group>";
		};
		B3BB80952165ABE9005177BB = {
			isa = PBXGroup;
			children = (
				B3BB80A02165ABE9005177BB /* Risk */,
				B3BB80E22165B7DA005177BB /* GameMapDriver */,
				B3BB81152165BF08005177BB /* DiceDriver */,
				B315A48D2165CCCC005CAFD4 /* StatsWinnerDriver */,
				B3B2E8D421669CE300C2A4BA /* CardsDeckDriver */,
				B3B2E8E32166AD0100C2A4BA /* PlayerDriver */,
				B35FED73217ADD2B00FE6FA7 /* FortifyControllerDriver */,
				34CB6CD72188E297004054F6 /* AttackDriver */,
				0E53B4F6218A4218003C85B1 /* ReinforceDriver */,
				6B0E76B9218A6F55006CECD2 /* GameStart */,
				6B0E76C7218A6F7B006CECD2 /* GamePlay */,
				B32D385E218E54FE000C1568 /* GameLoopDriver */,
				6BB7268421ACC07500C26153 /* TournamentDriver */,
				B3BB809F2165ABE9005177BB /* Products */,
				B3BB810E2165BEB9005177BB /* Frameworks */,
			);
			sourceTree = "<group>";
		};
		B3BB809F2165ABE9005177BB /* Products */ = {
			isa = PBXGroup;
			children = (
				B3BB80E12165B7D9005177BB /* GameMapDriver */,
				B3BB81002165BE05005177BB /* libRisk.a */,
				B3BB81142165BF08005177BB /* Dice */,
				B315A48C2165CCCC005CAFD4 /* StatsWinnerDriver */,
				B3B2E8D321669CE300C2A4BA /* CardsDeckDriver */,
				B3B2E8E22166AD0100C2A4BA /* PlayerDriver */,
				B35FED72217ADD2B00FE6FA7 /* FortifyControllerDriver */,
				34CB6CD62188E297004054F6 /* AttackDriver */,
				0E53B4F5218A4218003C85B1 /* ReinforceDriver */,
				6B0E76B8218A6F55006CECD2 /* GameStart */,
				6B0E76C6218A6F7A006CECD2 /* GamePlay */,
				B32D385D218E54FE000C1568 /* GameLoopDriver */,
				6BB7268321ACC07500C26153 /* TournamentDriver */,
			);
			name = Products;
			sourceTree = "<group>";
		};
		B3BB80A02165ABE9005177BB /* Risk */ = {
			isa = PBXGroup;
			children = (
				6B0E768D217E62D5006CECD2 /* controllergamestart.cpp */,
				6B0E768E217E62D5006CECD2 /* controllergamestart.h */,
				6BB65C9A2166A42E007AFC39 /* maploader.cpp */,
				6BB65C9C2166A444007AFC39 /* maploader.h */,
				B35FED6A217ADB1B00FE6FA7 /* fortifycontroller.cpp */,
				B35FED6B217ADB1B00FE6FA7 /* fortifycontroller.h */,
				341F25E221AE015F0059C202 /* RandomAttack.cpp */,
				341F25E321AE015F0059C202 /* RandomAttack.h */,
				341F25E621AE09970059C202 /* CheaterAttack.cpp */,
				341F25E721AE09970059C202 /* CheaterAttack.h */,
				34189EB0219E9E710059D6C0 /* agressiveAttack.cpp */,
				34189EB1219E9E710059D6C0 /* agressiveAttack.h */,
				34189EB4219E9F750059D6C0 /* passiveAttack.cpp */,
				34189EB5219E9F750059D6C0 /* passiveAttack.h */,
				34362E05218167C900838F6F /* attackphase.cpp */,
				34362E07218167EE00838F6F /* attackphase.h */,
				B32D3855218E4AA2000C1568 /* maingame.cpp */,
				B32D3856218E4AA2000C1568 /* maingame.h */,
				0E53B503218F5ECD003C85B1 /* reinforcephase.cpp */,
				0E53B504218F5ECD003C85B1 /* reinforcephase.h */,
				6B0E7692217FD5F0006CECD2 /* viewgamestart.cpp */,
				6B0E7699217FF894006CECD2 /* viewgamestart.h */,
				B3BB80D82165B35A005177BB /* Dice.cpp */,
				B3BB80DA2165B35A005177BB /* Dice.h */,
				B3BB80A82165AD32005177BB /* continent.cpp */,
				B3BB80AD2165AD5B005177BB /* continent.h */,
				B3BB80AA2165AD32005177BB /* country.cpp */,
				B3BB80AB2165AD5A005177BB /* country.h */,
				B3BB80A92165AD32005177BB /* gamemap.cpp */,
				B3BB80AC2165AD5A005177BB /* gamemap.h */,
				B3B2E8CB21669CAC00C2A4BA /* cardsdeck.cpp */,
				B3B2E8CC21669CAC00C2A4BA /* cardsdeck.h */,
				B3B2E8DA2166A89100C2A4BA /* player.cpp */,
				B3B2E8DB2166A89100C2A4BA /* player.h */,
				B35FED79217AE56D00FE6FA7 /* fortifyview.cpp */,
				B35FED7A217AE56D00FE6FA7 /* fortifyview.h */,
				340088192195449C00D23A85 /* attackview.cpp */,
				3400881A2195449C00D23A85 /* attackview.h */,
				0E573FBB219DF993005E1650 /* reinforceview.cpp */,
				0E573FBC219DF993005E1650 /* reinforceview.h */,
				B315F96C21976A0D005A899B /* strategy.h */,
				B315F96E21976BAF005A899B /* observer.h */,
				B315F97021976D80005A899B /* observable.h */,
				B315F9742198A504005A899B /* phaseview.cpp */,
				B315F9752198A504005A899B /* phaseview.h */,
				6B9B94BB2198E7BC00523ECD /* gamestatview.cpp */,
				6B9B94BC2198E7BC00523ECD /* gamestatview.h */,
				B3A97EEA219CB6D600998A5D /* HumanPlayerStrategy.cpp */,
				B3A97EEB219CB6D600998A5D /* HumanPlayerStrategy.h */,
				B3907F1A219E1A7400975BFC /* aggressivestrategy.cpp */,
				B3907F1B219E1A7400975BFC /* aggressivestrategy.h */,
				34AD28D521A14B8700669DB6 /* BenevolentStrategy.cpp */,
				34AD28D621A14B8700669DB6 /* BenevolentStrategy.h */,
				341F25DA21ADFEC10059C202 /* RandomStrategy.cpp */,
				341F25DB21ADFEC10059C202 /* RandomStrategy.h */,
				341F25DE21ADFED90059C202 /* CheaterStrategy.cpp */,
				341F25DF21ADFED90059C202 /* CheaterStrategy.h */,
				0E573FBF21A24143005E1650 /* agressiveReinforce.cpp */,
				0E573FC021A24143005E1650 /* agressiveReinforce.h */,
				0E573FC321A2467E005E1650 /* passiveReinforce.cpp */,
				0E573FC421A2467E005E1650 /* passiveReinforce.h */,
				6BB7267B21ACB1FD00C26153 /* tournament.cpp */,
				6BB7267C21ACB1FD00C26153 /* tournament.h */,
				0E573FC921B0E822005E1650 /* randomReinforce.cpp */,
				0E573FCA21B0E822005E1650 /* randomReinforce.h */,
				0E573FCD21B0EC91005E1650 /* cheaterReinforce.cpp */,
				0E573FCE21B0EC91005E1650 /* cheaterReinforce.h */,
			);
			path = Risk;
			sourceTree = "<group>";
		};
		B3BB80E22165B7DA005177BB /* GameMapDriver */ = {
			isa = PBXGroup;
			children = (
				B3BB80E32165B7DA005177BB /* main.cpp */,
			);
			path = GameMapDriver;
			sourceTree = "<group>";
		};
		B3BB810E2165BEB9005177BB /* Frameworks */ = {
			isa = PBXGroup;
			children = (
			);
			name = Frameworks;
			sourceTree = "<group>";
		};
		B3BB81152165BF08005177BB /* DiceDriver */ = {
			isa = PBXGroup;
			children = (
				B3BB81162165BF08005177BB /* main.cpp */,
			);
			path = DiceDriver;
			sourceTree = "<group>";
		};
/* End PBXGroup section */

/* Begin PBXHeadersBuildPhase section */
		B3BB80FC2165BE05005177BB /* Headers */ = {
			isa = PBXHeadersBuildPhase;
			buildActionMask = 2147483647;
			files = (
				6BB65C9D2166A444007AFC39 /* maploader.h in Headers */,
				0E573FBE219DF993005E1650 /* reinforceview.h in Headers */,
				34362E08218167EE00838F6F /* attackphase.h in Headers */,
				B3BB81042165BE18005177BB /* Dice.h in Headers */,
				B3A97EED219CB6D600998A5D /* HumanPlayerStrategy.h in Headers */,
				34AD28D821A14B8700669DB6 /* BenevolentStrategy.h in Headers */,
				341F25DD21ADFEC10059C202 /* RandomStrategy.h in Headers */,
				B315F97121976D80005A899B /* observable.h in Headers */,
				B315F96D21976A0D005A899B /* strategy.h in Headers */,
				B35FED6D217ADB1B00FE6FA7 /* fortifycontroller.h in Headers */,
				B3BB81052165BE18005177BB /* continent.h in Headers */,
				6B9B94BE2198E7BC00523ECD /* gamestatview.h in Headers */,
				34189EB7219E9F750059D6C0 /* passiveAttack.h in Headers */,
				34189EB3219E9E710059D6C0 /* agressiveAttack.h in Headers */,
				341F25E121ADFED90059C202 /* CheaterStrategy.h in Headers */,
				0E573FC221A24143005E1650 /* agressiveReinforce.h in Headers */,
				0E573FC621A2467E005E1650 /* passiveReinforce.h in Headers */,
				B315F96F21976BAF005A899B /* observer.h in Headers */,
				B3907F1D219E1A7400975BFC /* aggressivestrategy.h in Headers */,
				B3BB81062165BE18005177BB /* country.h in Headers */,
				0E573FD021B0EC91005E1650 /* cheaterReinforce.h in Headers */,
				0E53B506218F5ECD003C85B1 /* reinforcephase.h in Headers */,
				B35FED7C217AE56D00FE6FA7 /* fortifyview.h in Headers */,
				B3B2E8DD2166A89100C2A4BA /* player.h in Headers */,
				6BB7267E21ACB1FD00C26153 /* tournament.h in Headers */,
				B315F9772198A504005A899B /* phaseview.h in Headers */,
				6B0E769A217FF894006CECD2 /* viewgamestart.h in Headers */,
				B3B2E8CE21669CAC00C2A4BA /* cardsdeck.h in Headers */,
				0E573FCC21B0E822005E1650 /* randomReinforce.h in Headers */,
				B32D3858218E4AA2000C1568 /* maingame.h in Headers */,
				B3BB81072165BE18005177BB /* gamemap.h in Headers */,
				6B0E7691217E62D5006CECD2 /* controllergamestart.h in Headers */,
				341F25E921AE09970059C202 /* CheaterAttack.h in Headers */,
				3400881C2195449C00D23A85 /* attackview.h in Headers */,
				341F25E521AE015F0059C202 /* RandomAttack.h in Headers */,
			);
			runOnlyForDeploymentPostprocessing = 0;
		};
/* End PBXHeadersBuildPhase section */

/* Begin PBXNativeTarget section */
		0E53B4F4218A4218003C85B1 /* ReinforceDriver */ = {
			isa = PBXNativeTarget;
			buildConfigurationList = 0E53B4FB218A4218003C85B1 /* Build configuration list for PBXNativeTarget "ReinforceDriver" */;
			buildPhases = (
				0E53B4F1218A4218003C85B1 /* Sources */,
				0E53B4F2218A4218003C85B1 /* Frameworks */,
				0E53B4F3218A4218003C85B1 /* CopyFiles */,
			);
			buildRules = (
			);
			dependencies = (
				0E53B4FD218A4222003C85B1 /* PBXTargetDependency */,
			);
			name = ReinforceDriver;
			productName = ReinforceDriver;
			productReference = 0E53B4F5218A4218003C85B1 /* ReinforceDriver */;
			productType = "com.apple.product-type.tool";
		};
		34CB6CD52188E297004054F6 /* AttackDriver */ = {
			isa = PBXNativeTarget;
			buildConfigurationList = 34CB6CDC2188E297004054F6 /* Build configuration list for PBXNativeTarget "AttackDriver" */;
			buildPhases = (
				34CB6CD22188E297004054F6 /* Sources */,
				34CB6CD32188E297004054F6 /* Frameworks */,
				34CB6CD42188E297004054F6 /* CopyFiles */,
			);
			buildRules = (
			);
			dependencies = (
				34CB6CE221894D03004054F6 /* PBXTargetDependency */,
			);
			name = AttackDriver;
			productName = AttackDriver;
			productReference = 34CB6CD62188E297004054F6 /* AttackDriver */;
			productType = "com.apple.product-type.tool";
		};
		6B0E76B7218A6F55006CECD2 /* GameStart */ = {
			isa = PBXNativeTarget;
			buildConfigurationList = 6B0E76BE218A6F55006CECD2 /* Build configuration list for PBXNativeTarget "GameStart" */;
			buildPhases = (
				6B0E76B4218A6F55006CECD2 /* Sources */,
				6B0E76B5218A6F55006CECD2 /* Frameworks */,
				6B0E76B6218A6F55006CECD2 /* CopyFiles */,
			);
			buildRules = (
			);
			dependencies = (
				6B0E76C0218A6F60006CECD2 /* PBXTargetDependency */,
			);
			name = GameStart;
			productName = GameStart;
			productReference = 6B0E76B8218A6F55006CECD2 /* GameStart */;
			productType = "com.apple.product-type.tool";
		};
		6B0E76C5218A6F7A006CECD2 /* GamePlay */ = {
			isa = PBXNativeTarget;
			buildConfigurationList = 6B0E76CA218A6F7B006CECD2 /* Build configuration list for PBXNativeTarget "GamePlay" */;
			buildPhases = (
				6B0E76C2218A6F7A006CECD2 /* Sources */,
				6B0E76C3218A6F7A006CECD2 /* Frameworks */,
				6B0E76C4218A6F7A006CECD2 /* CopyFiles */,
			);
			buildRules = (
			);
			dependencies = (
				6B0E76CE218A6F81006CECD2 /* PBXTargetDependency */,
			);
			name = GamePlay;
			productName = GamePlay;
			productReference = 6B0E76C6218A6F7A006CECD2 /* GamePlay */;
			productType = "com.apple.product-type.tool";
		};
		6BB7268221ACC07500C26153 /* TournamentDriver */ = {
			isa = PBXNativeTarget;
			buildConfigurationList = 6BB7268721ACC07500C26153 /* Build configuration list for PBXNativeTarget "TournamentDriver" */;
			buildPhases = (
				6BB7267F21ACC07500C26153 /* Sources */,
				6BB7268021ACC07500C26153 /* Frameworks */,
				6BB7268121ACC07500C26153 /* CopyFiles */,
			);
			buildRules = (
			);
			dependencies = (
				6BB7268C21AF4B7200C26153 /* PBXTargetDependency */,
			);
			name = TournamentDriver;
			productName = TournamentDriver;
			productReference = 6BB7268321ACC07500C26153 /* TournamentDriver */;
			productType = "com.apple.product-type.tool";
		};
		B315A48B2165CCCC005CAFD4 /* StatsWinnerDriver */ = {
			isa = PBXNativeTarget;
			buildConfigurationList = B315A4902165CCCC005CAFD4 /* Build configuration list for PBXNativeTarget "StatsWinnerDriver" */;
			buildPhases = (
				B315A4882165CCCC005CAFD4 /* Sources */,
				B315A4892165CCCC005CAFD4 /* Frameworks */,
				B315A48A2165CCCC005CAFD4 /* CopyFiles */,
			);
			buildRules = (
			);
			dependencies = (
				B315A4942165CCD6005CAFD4 /* PBXTargetDependency */,
			);
			name = StatsWinnerDriver;
			productName = MapLoaderDriver;
			productReference = B315A48C2165CCCC005CAFD4 /* StatsWinnerDriver */;
			productType = "com.apple.product-type.tool";
		};
		B32D385C218E54FE000C1568 /* GameLoopDriver */ = {
			isa = PBXNativeTarget;
			buildConfigurationList = B32D3861218E54FE000C1568 /* Build configuration list for PBXNativeTarget "GameLoopDriver" */;
			buildPhases = (
				B32D3859218E54FE000C1568 /* Sources */,
				B32D385A218E54FE000C1568 /* Frameworks */,
				B32D385B218E54FE000C1568 /* CopyFiles */,
			);
			buildRules = (
			);
			dependencies = (
				B32D3865218E551C000C1568 /* PBXTargetDependency */,
			);
			name = GameLoopDriver;
			productName = GameLoopDriver;
			productReference = B32D385D218E54FE000C1568 /* GameLoopDriver */;
			productType = "com.apple.product-type.tool";
		};
		B35FED71217ADD2B00FE6FA7 /* FortifyControllerDriver */ = {
			isa = PBXNativeTarget;
			buildConfigurationList = B35FED76217ADD2B00FE6FA7 /* Build configuration list for PBXNativeTarget "FortifyControllerDriver" */;
			buildPhases = (
				B35FED6E217ADD2B00FE6FA7 /* Sources */,
				B35FED6F217ADD2B00FE6FA7 /* Frameworks */,
				B35FED70217ADD2B00FE6FA7 /* CopyFiles */,
			);
			buildRules = (
			);
			dependencies = (
				B35FED7E217AEA6800FE6FA7 /* PBXTargetDependency */,
			);
			name = FortifyControllerDriver;
			productName = FortifyControllerDriver;
			productReference = B35FED72217ADD2B00FE6FA7 /* FortifyControllerDriver */;
			productType = "com.apple.product-type.tool";
		};
		B3B2E8D221669CE300C2A4BA /* CardsDeckDriver */ = {
			isa = PBXNativeTarget;
			buildConfigurationList = B3B2E8D721669CE300C2A4BA /* Build configuration list for PBXNativeTarget "CardsDeckDriver" */;
			buildPhases = (
				B3B2E8CF21669CE300C2A4BA /* Sources */,
				B3B2E8D021669CE300C2A4BA /* Frameworks */,
				B3B2E8D121669CE300C2A4BA /* CopyFiles */,
			);
			buildRules = (
			);
			dependencies = (
				B38CB9592167D1BB00EF5E5C /* PBXTargetDependency */,
			);
			name = CardsDeckDriver;
			productName = CardsDeckDriver;
			productReference = B3B2E8D321669CE300C2A4BA /* CardsDeckDriver */;
			productType = "com.apple.product-type.tool";
		};
		B3B2E8E12166AD0100C2A4BA /* PlayerDriver */ = {
			isa = PBXNativeTarget;
			buildConfigurationList = B3B2E8E62166AD0100C2A4BA /* Build configuration list for PBXNativeTarget "PlayerDriver" */;
			buildPhases = (
				B3B2E8DE2166AD0100C2A4BA /* Sources */,
				B3B2E8DF2166AD0100C2A4BA /* Frameworks */,
				B3B2E8E02166AD0100C2A4BA /* CopyFiles */,
			);
			buildRules = (
			);
			dependencies = (
				B3B2E8EA2166AD0E00C2A4BA /* PBXTargetDependency */,
			);
			name = PlayerDriver;
			productName = PlayerDriver;
			productReference = B3B2E8E22166AD0100C2A4BA /* PlayerDriver */;
			productType = "com.apple.product-type.tool";
		};
		B3BB80E02165B7D9005177BB /* GameMapDriver */ = {
			isa = PBXNativeTarget;
			buildConfigurationList = B3BB80E52165B7DA005177BB /* Build configuration list for PBXNativeTarget "GameMapDriver" */;
			buildPhases = (
				B3BB80DD2165B7D9005177BB /* Sources */,
				B3BB80DE2165B7D9005177BB /* Frameworks */,
				B3BB80DF2165B7D9005177BB /* CopyFiles */,
			);
			buildRules = (
			);
			dependencies = (
				B3BB81092165BE21005177BB /* PBXTargetDependency */,
			);
			name = GameMapDriver;
			productName = GameMapDriver;
			productReference = B3BB80E12165B7D9005177BB /* GameMapDriver */;
			productType = "com.apple.product-type.tool";
		};
		B3BB80FF2165BE05005177BB /* Risk */ = {
			isa = PBXNativeTarget;
			buildConfigurationList = B3BB81012165BE05005177BB /* Build configuration list for PBXNativeTarget "Risk" */;
			buildPhases = (
				B3BB80FC2165BE05005177BB /* Headers */,
				B3BB80FD2165BE05005177BB /* Sources */,
				B3BB80FE2165BE05005177BB /* Frameworks */,
			);
			buildRules = (
			);
			dependencies = (
			);
			name = Risk;
			productName = Risk;
			productReference = B3BB81002165BE05005177BB /* libRisk.a */;
			productType = "com.apple.product-type.library.static";
		};
		B3BB81132165BF08005177BB /* Dice */ = {
			isa = PBXNativeTarget;
			buildConfigurationList = B3BB81182165BF08005177BB /* Build configuration list for PBXNativeTarget "Dice" */;
			buildPhases = (
				B3BB81102165BF08005177BB /* Sources */,
				B3BB81112165BF08005177BB /* Frameworks */,
				B3BB81122165BF08005177BB /* CopyFiles */,
			);
			buildRules = (
			);
			dependencies = (
				B3BB811C2165BF7D005177BB /* PBXTargetDependency */,
			);
			name = Dice;
			productName = Dice;
			productReference = B3BB81142165BF08005177BB /* Dice */;
			productType = "com.apple.product-type.tool";
		};
/* End PBXNativeTarget section */

/* Begin PBXProject section */
		B3BB80962165ABE9005177BB /* Project object */ = {
			isa = PBXProject;
			attributes = {
				LastUpgradeCheck = 1000;
				ORGANIZATIONNAME = comp345;
				TargetAttributes = {
					0E53B4F4218A4218003C85B1 = {
						CreatedOnToolsVersion = 9.4.1;
					};
					34CB6CD52188E297004054F6 = {
						CreatedOnToolsVersion = 10.0;
					};
					6B0E76B7218A6F55006CECD2 = {
						CreatedOnToolsVersion = 10.0;
					};
					6B0E76C5218A6F7A006CECD2 = {
						CreatedOnToolsVersion = 10.0;
					};
					6BB7268221ACC07500C26153 = {
						CreatedOnToolsVersion = 10.1;
					};
					B315A48B2165CCCC005CAFD4 = {
						CreatedOnToolsVersion = 10.0;
					};
					B32D385C218E54FE000C1568 = {
						CreatedOnToolsVersion = 10.0;
					};
					B35FED71217ADD2B00FE6FA7 = {
						CreatedOnToolsVersion = 10.0;
					};
					B3B2E8D221669CE300C2A4BA = {
						CreatedOnToolsVersion = 10.0;
					};
					B3B2E8E12166AD0100C2A4BA = {
						CreatedOnToolsVersion = 10.0;
					};
					B3BB80E02165B7D9005177BB = {
						CreatedOnToolsVersion = 10.0;
					};
					B3BB80FF2165BE05005177BB = {
						CreatedOnToolsVersion = 10.0;
					};
					B3BB81132165BF08005177BB = {
						CreatedOnToolsVersion = 10.0;
					};
				};
			};
			buildConfigurationList = B3BB80992165ABE9005177BB /* Build configuration list for PBXProject "Risk" */;
			compatibilityVersion = "Xcode 9.3";
			developmentRegion = en;
			hasScannedForEncodings = 0;
			knownRegions = (
				en,
			);
			mainGroup = B3BB80952165ABE9005177BB;
			productRefGroup = B3BB809F2165ABE9005177BB /* Products */;
			projectDirPath = "";
			projectRoot = "";
			targets = (
				B3BB80FF2165BE05005177BB /* Risk */,
				B3BB80E02165B7D9005177BB /* GameMapDriver */,
				B3BB81132165BF08005177BB /* Dice */,
				B315A48B2165CCCC005CAFD4 /* StatsWinnerDriver */,
				B3B2E8D221669CE300C2A4BA /* CardsDeckDriver */,
				B3B2E8E12166AD0100C2A4BA /* PlayerDriver */,
				B35FED71217ADD2B00FE6FA7 /* FortifyControllerDriver */,
				34CB6CD52188E297004054F6 /* AttackDriver */,
				0E53B4F4218A4218003C85B1 /* ReinforceDriver */,
				6B0E76B7218A6F55006CECD2 /* GameStart */,
				6B0E76C5218A6F7A006CECD2 /* GamePlay */,
				B32D385C218E54FE000C1568 /* GameLoopDriver */,
				6BB7268221ACC07500C26153 /* TournamentDriver */,
			);
		};
/* End PBXProject section */

/* Begin PBXSourcesBuildPhase section */
		0E53B4F1218A4218003C85B1 /* Sources */ = {
			isa = PBXSourcesBuildPhase;
			buildActionMask = 2147483647;
			files = (
				0E53B4F8218A4218003C85B1 /* main.cpp in Sources */,
			);
			runOnlyForDeploymentPostprocessing = 0;
		};
		34CB6CD22188E297004054F6 /* Sources */ = {
			isa = PBXSourcesBuildPhase;
			buildActionMask = 2147483647;
			files = (
				34CB6CD92188E297004054F6 /* main.cpp in Sources */,
			);
			runOnlyForDeploymentPostprocessing = 0;
		};
		6B0E76B4218A6F55006CECD2 /* Sources */ = {
			isa = PBXSourcesBuildPhase;
			buildActionMask = 2147483647;
			files = (
				6B0E76BB218A6F55006CECD2 /* main.cpp in Sources */,
			);
			runOnlyForDeploymentPostprocessing = 0;
		};
		6B0E76C2218A6F7A006CECD2 /* Sources */ = {
			isa = PBXSourcesBuildPhase;
			buildActionMask = 2147483647;
			files = (
				6B0E76C9218A6F7B006CECD2 /* main.cpp in Sources */,
			);
			runOnlyForDeploymentPostprocessing = 0;
		};
		6BB7267F21ACC07500C26153 /* Sources */ = {
			isa = PBXSourcesBuildPhase;
			buildActionMask = 2147483647;
			files = (
				6BB7268621ACC07500C26153 /* main.cpp in Sources */,
			);
			runOnlyForDeploymentPostprocessing = 0;
		};
		B315A4882165CCCC005CAFD4 /* Sources */ = {
			isa = PBXSourcesBuildPhase;
			buildActionMask = 2147483647;
			files = (
				6B0E7690217E62D5006CECD2 /* controllergamestart.cpp in Sources */,
				B315A48F2165CCCC005CAFD4 /* main.cpp in Sources */,
				6B0E7695217FD5F0006CECD2 /* viewgamestart.cpp in Sources */,
			);
			runOnlyForDeploymentPostprocessing = 0;
		};
		B32D3859218E54FE000C1568 /* Sources */ = {
			isa = PBXSourcesBuildPhase;
			buildActionMask = 2147483647;
			files = (
				B32D3860218E54FE000C1568 /* main.cpp in Sources */,
			);
			runOnlyForDeploymentPostprocessing = 0;
		};
		B35FED6E217ADD2B00FE6FA7 /* Sources */ = {
			isa = PBXSourcesBuildPhase;
			buildActionMask = 2147483647;
			files = (
				B35FED75217ADD2B00FE6FA7 /* main.cpp in Sources */,
			);
			runOnlyForDeploymentPostprocessing = 0;
		};
		B3B2E8CF21669CE300C2A4BA /* Sources */ = {
			isa = PBXSourcesBuildPhase;
			buildActionMask = 2147483647;
			files = (
				B3B2E8D621669CE300C2A4BA /* main.cpp in Sources */,
			);
			runOnlyForDeploymentPostprocessing = 0;
		};
		B3B2E8DE2166AD0100C2A4BA /* Sources */ = {
			isa = PBXSourcesBuildPhase;
			buildActionMask = 2147483647;
			files = (
				B3B2E8E52166AD0100C2A4BA /* main.cpp in Sources */,
			);
			runOnlyForDeploymentPostprocessing = 0;
		};
		B3BB80DD2165B7D9005177BB /* Sources */ = {
			isa = PBXSourcesBuildPhase;
			buildActionMask = 2147483647;
			files = (
				B3BB80E42165B7DA005177BB /* main.cpp in Sources */,
			);
			runOnlyForDeploymentPostprocessing = 0;
		};
		B3BB80FD2165BE05005177BB /* Sources */ = {
			isa = PBXSourcesBuildPhase;
			buildActionMask = 2147483647;
			files = (
				341F25E821AE09970059C202 /* CheaterAttack.cpp in Sources */,
				B3F5B9DB216E5F6300A20B50 /* maploader.cpp in Sources */,
				34AD28D721A14B8700669DB6 /* BenevolentStrategy.cpp in Sources */,
				0E573FC521A2467E005E1650 /* passiveReinforce.cpp in Sources */,
				341F25E021ADFED90059C202 /* CheaterStrategy.cpp in Sources */,
				B3B2E8CD21669CAC00C2A4BA /* cardsdeck.cpp in Sources */,
				B3907F1C219E1A7400975BFC /* aggressivestrategy.cpp in Sources */,
				34189EB6219E9F750059D6C0 /* passiveAttack.cpp in Sources */,
				B3BB810D2165BE6B005177BB /* Dice.cpp in Sources */,
				B3BB810A2165BE5B005177BB /* continent.cpp in Sources */,
				3400881B2195449C00D23A85 /* attackview.cpp in Sources */,
				B3BB810B2165BE5B005177BB /* country.cpp in Sources */,
				34189EB2219E9E710059D6C0 /* agressiveAttack.cpp in Sources */,
				6B0E7694217FD5F0006CECD2 /* viewgamestart.cpp in Sources */,
				B32D3857218E4AA2000C1568 /* maingame.cpp in Sources */,
				6B0E768F217E62D5006CECD2 /* controllergamestart.cpp in Sources */,
				B3A97EEC219CB6D600998A5D /* HumanPlayerStrategy.cpp in Sources */,
				34362E06218167C900838F6F /* attackphase.cpp in Sources */,
				6BB7267D21ACB1FD00C26153 /* tournament.cpp in Sources */,
				B35FED7B217AE56D00FE6FA7 /* fortifyview.cpp in Sources */,
				B35FED6C217ADB1B00FE6FA7 /* fortifycontroller.cpp in Sources */,
				B3BB810C2165BE5B005177BB /* gamemap.cpp in Sources */,
				341F25DC21ADFEC10059C202 /* RandomStrategy.cpp in Sources */,
				B315F9762198A504005A899B /* phaseview.cpp in Sources */,
				0E53B505218F5ECD003C85B1 /* reinforcephase.cpp in Sources */,
				0E573FCB21B0E822005E1650 /* randomReinforce.cpp in Sources */,
				341F25E421AE015F0059C202 /* RandomAttack.cpp in Sources */,
				6B9B94BD2198E7BC00523ECD /* gamestatview.cpp in Sources */,
				0E573FC121A24143005E1650 /* agressiveReinforce.cpp in Sources */,
				B3B2E8DC2166A89100C2A4BA /* player.cpp in Sources */,
				0E573FCF21B0EC91005E1650 /* cheaterReinforce.cpp in Sources */,
				0E573FBD219DF993005E1650 /* reinforceview.cpp in Sources */,
			);
			runOnlyForDeploymentPostprocessing = 0;
		};
		B3BB81102165BF08005177BB /* Sources */ = {
			isa = PBXSourcesBuildPhase;
			buildActionMask = 2147483647;
			files = (
				B3BB81172165BF08005177BB /* main.cpp in Sources */,
			);
			runOnlyForDeploymentPostprocessing = 0;
		};
/* End PBXSourcesBuildPhase section */

/* Begin PBXTargetDependency section */
		0E53B4FD218A4222003C85B1 /* PBXTargetDependency */ = {
			isa = PBXTargetDependency;
			target = B3BB80FF2165BE05005177BB /* Risk */;
			targetProxy = 0E53B4FC218A4222003C85B1 /* PBXContainerItemProxy */;
		};
		34CB6CE221894D03004054F6 /* PBXTargetDependency */ = {
			isa = PBXTargetDependency;
			target = B3BB80FF2165BE05005177BB /* Risk */;
			targetProxy = 34CB6CE121894D03004054F6 /* PBXContainerItemProxy */;
		};
		6B0E76C0218A6F60006CECD2 /* PBXTargetDependency */ = {
			isa = PBXTargetDependency;
			target = B3BB80FF2165BE05005177BB /* Risk */;
			targetProxy = 6B0E76BF218A6F60006CECD2 /* PBXContainerItemProxy */;
		};
		6B0E76CE218A6F81006CECD2 /* PBXTargetDependency */ = {
			isa = PBXTargetDependency;
			target = B3BB80FF2165BE05005177BB /* Risk */;
			targetProxy = 6B0E76CD218A6F81006CECD2 /* PBXContainerItemProxy */;
		};
		6BB7268C21AF4B7200C26153 /* PBXTargetDependency */ = {
			isa = PBXTargetDependency;
			target = B3BB80FF2165BE05005177BB /* Risk */;
			targetProxy = 6BB7268B21AF4B7200C26153 /* PBXContainerItemProxy */;
		};
		B315A4942165CCD6005CAFD4 /* PBXTargetDependency */ = {
			isa = PBXTargetDependency;
			target = B3BB80FF2165BE05005177BB /* Risk */;
			targetProxy = B315A4932165CCD6005CAFD4 /* PBXContainerItemProxy */;
		};
		B32D3865218E551C000C1568 /* PBXTargetDependency */ = {
			isa = PBXTargetDependency;
			target = B3BB80FF2165BE05005177BB /* Risk */;
			targetProxy = B32D3864218E551C000C1568 /* PBXContainerItemProxy */;
		};
		B35FED7E217AEA6800FE6FA7 /* PBXTargetDependency */ = {
			isa = PBXTargetDependency;
			target = B3BB80FF2165BE05005177BB /* Risk */;
			targetProxy = B35FED7D217AEA6800FE6FA7 /* PBXContainerItemProxy */;
		};
		B38CB9592167D1BB00EF5E5C /* PBXTargetDependency */ = {
			isa = PBXTargetDependency;
			target = B3BB80FF2165BE05005177BB /* Risk */;
			targetProxy = B38CB9582167D1BB00EF5E5C /* PBXContainerItemProxy */;
		};
		B3B2E8EA2166AD0E00C2A4BA /* PBXTargetDependency */ = {
			isa = PBXTargetDependency;
			target = B3BB80FF2165BE05005177BB /* Risk */;
			targetProxy = B3B2E8E92166AD0E00C2A4BA /* PBXContainerItemProxy */;
		};
		B3BB81092165BE21005177BB /* PBXTargetDependency */ = {
			isa = PBXTargetDependency;
			target = B3BB80FF2165BE05005177BB /* Risk */;
			targetProxy = B3BB81082165BE21005177BB /* PBXContainerItemProxy */;
		};
		B3BB811C2165BF7D005177BB /* PBXTargetDependency */ = {
			isa = PBXTargetDependency;
			target = B3BB80FF2165BE05005177BB /* Risk */;
			targetProxy = B3BB811B2165BF7D005177BB /* PBXContainerItemProxy */;
		};
/* End PBXTargetDependency section */

/* Begin XCBuildConfiguration section */
		0E53B4F9218A4218003C85B1 /* Debug */ = {
			isa = XCBuildConfiguration;
			buildSettings = {
				CODE_SIGN_IDENTITY = "-";
				CODE_SIGN_STYLE = Manual;
				DEVELOPMENT_TEAM = RDVU6E2FP5;
				MTL_ENABLE_DEBUG_INFO = YES;
				PRODUCT_NAME = "$(TARGET_NAME)";
			};
			name = Debug;
		};
		0E53B4FA218A4218003C85B1 /* Release */ = {
			isa = XCBuildConfiguration;
			buildSettings = {
				CODE_SIGN_IDENTITY = "-";
				CODE_SIGN_STYLE = Manual;
				DEVELOPMENT_TEAM = "";
				PRODUCT_NAME = "$(TARGET_NAME)";
			};
			name = Release;
		};
		34CB6CDA2188E297004054F6 /* Debug */ = {
			isa = XCBuildConfiguration;
			buildSettings = {
				CODE_SIGN_IDENTITY = "-";
				CODE_SIGN_STYLE = Manual;
				DEVELOPMENT_TEAM = RDVU6E2FP5;
				PRODUCT_NAME = "$(TARGET_NAME)";
				PROVISIONING_PROFILE_SPECIFIER = "";
			};
			name = Debug;
		};
		34CB6CDB2188E297004054F6 /* Release */ = {
			isa = XCBuildConfiguration;
			buildSettings = {
				CODE_SIGN_IDENTITY = "-";
				CODE_SIGN_STYLE = Manual;
				DEVELOPMENT_TEAM = "";
				PRODUCT_NAME = "$(TARGET_NAME)";
				PROVISIONING_PROFILE_SPECIFIER = "";
			};
			name = Release;
		};
		6B0E76BC218A6F55006CECD2 /* Debug */ = {
			isa = XCBuildConfiguration;
			buildSettings = {
				CODE_SIGN_IDENTITY = "-";
				CODE_SIGN_STYLE = Manual;
				DEVELOPMENT_TEAM = "";
				MACOSX_DEPLOYMENT_TARGET = 10.14;
				PRODUCT_NAME = "$(TARGET_NAME)";
				PROVISIONING_PROFILE_SPECIFIER = "";
			};
			name = Debug;
		};
		6B0E76BD218A6F55006CECD2 /* Release */ = {
			isa = XCBuildConfiguration;
			buildSettings = {
				CODE_SIGN_IDENTITY = "-";
				CODE_SIGN_STYLE = Manual;
				DEVELOPMENT_TEAM = "";
				MACOSX_DEPLOYMENT_TARGET = 10.14;
				PRODUCT_NAME = "$(TARGET_NAME)";
				PROVISIONING_PROFILE_SPECIFIER = "";
			};
			name = Release;
		};
		6B0E76CB218A6F7B006CECD2 /* Debug */ = {
			isa = XCBuildConfiguration;
			buildSettings = {
				CODE_SIGN_IDENTITY = "-";
				CODE_SIGN_STYLE = Manual;
				DEVELOPMENT_TEAM = XM25KFD587;
				MACOSX_DEPLOYMENT_TARGET = 10.14;
				PRODUCT_NAME = "$(TARGET_NAME)";
			};
			name = Debug;
		};
		6B0E76CC218A6F7B006CECD2 /* Release */ = {
			isa = XCBuildConfiguration;
			buildSettings = {
				CODE_SIGN_IDENTITY = "-";
				CODE_SIGN_STYLE = Manual;
				DEVELOPMENT_TEAM = XM25KFD587;
				MACOSX_DEPLOYMENT_TARGET = 10.14;
				PRODUCT_NAME = "$(TARGET_NAME)";
			};
			name = Release;
		};
		6BB7268821ACC07500C26153 /* Debug */ = {
			isa = XCBuildConfiguration;
			buildSettings = {
				CODE_SIGN_IDENTITY = "-";
				CODE_SIGN_STYLE = Manual;
				DEVELOPMENT_TEAM = 9X7J3QK44H;
				MACOSX_DEPLOYMENT_TARGET = 10.13;
				PRODUCT_NAME = "$(TARGET_NAME)";
			};
			name = Debug;
		};
		6BB7268921ACC07500C26153 /* Release */ = {
			isa = XCBuildConfiguration;
			buildSettings = {
				CODE_SIGN_IDENTITY = "-";
				CODE_SIGN_STYLE = Manual;
				DEVELOPMENT_TEAM = 9X7J3QK44H;
				MACOSX_DEPLOYMENT_TARGET = 10.13;
				PRODUCT_NAME = "$(TARGET_NAME)";
			};
			name = Release;
		};
		B315A4912165CCCC005CAFD4 /* Debug */ = {
			isa = XCBuildConfiguration;
			buildSettings = {
				CODE_SIGN_IDENTITY = "-";
				CODE_SIGN_STYLE = Manual;
				DEVELOPMENT_TEAM = XM25KFD587;
				PRODUCT_NAME = "$(TARGET_NAME)";
				PROVISIONING_PROFILE_SPECIFIER = "";
			};
			name = Debug;
		};
		B315A4922165CCCC005CAFD4 /* Release */ = {
			isa = XCBuildConfiguration;
			buildSettings = {
				CODE_SIGN_IDENTITY = "-";
				CODE_SIGN_STYLE = Manual;
				DEVELOPMENT_TEAM = XM25KFD587;
				PRODUCT_NAME = "$(TARGET_NAME)";
				PROVISIONING_PROFILE_SPECIFIER = "";
			};
			name = Release;
		};
		B32D3862218E54FE000C1568 /* Debug */ = {
			isa = XCBuildConfiguration;
			buildSettings = {
				CODE_SIGN_IDENTITY = "-";
				CODE_SIGN_STYLE = Manual;
				MACOSX_DEPLOYMENT_TARGET = 10.14;
				PRODUCT_NAME = "$(TARGET_NAME)";
			};
			name = Debug;
		};
		B32D3863218E54FE000C1568 /* Release */ = {
			isa = XCBuildConfiguration;
			buildSettings = {
				CODE_SIGN_IDENTITY = "-";
				CODE_SIGN_STYLE = Manual;
				MACOSX_DEPLOYMENT_TARGET = 10.14;
				PRODUCT_NAME = "$(TARGET_NAME)";
			};
			name = Release;
		};
		B35FED77217ADD2B00FE6FA7 /* Debug */ = {
			isa = XCBuildConfiguration;
			buildSettings = {
				CODE_SIGN_IDENTITY = "-";
				CODE_SIGN_STYLE = Manual;
				DEVELOPMENT_TEAM = XM25KFD587;
				HEADER_SEARCH_PATHS = "";
				LIBRARY_SEARCH_PATHS = "";
				MACOSX_DEPLOYMENT_TARGET = 10.14;
				PRODUCT_NAME = "$(TARGET_NAME)";
			};
			name = Debug;
		};
		B35FED78217ADD2B00FE6FA7 /* Release */ = {
			isa = XCBuildConfiguration;
			buildSettings = {
				CODE_SIGN_IDENTITY = "-";
				CODE_SIGN_STYLE = Manual;
				DEVELOPMENT_TEAM = 9X7J3QK44H;
				HEADER_SEARCH_PATHS = "";
				LIBRARY_SEARCH_PATHS = "";
				MACOSX_DEPLOYMENT_TARGET = 10.14;
				PRODUCT_NAME = "$(TARGET_NAME)";
			};
			name = Release;
		};
		B3B2E8D821669CE300C2A4BA /* Debug */ = {
			isa = XCBuildConfiguration;
			buildSettings = {
				CODE_SIGN_IDENTITY = "-";
				CODE_SIGN_STYLE = Manual;
				DEVELOPMENT_TEAM = XM25KFD587;
				PRODUCT_NAME = "$(TARGET_NAME)";
				PROVISIONING_PROFILE_SPECIFIER = "";
			};
			name = Debug;
		};
		B3B2E8D921669CE300C2A4BA /* Release */ = {
			isa = XCBuildConfiguration;
			buildSettings = {
				CODE_SIGN_IDENTITY = "-";
				CODE_SIGN_STYLE = Manual;
				DEVELOPMENT_TEAM = XM25KFD587;
				PRODUCT_NAME = "$(TARGET_NAME)";
				PROVISIONING_PROFILE_SPECIFIER = "";
			};
			name = Release;
		};
		B3B2E8E72166AD0100C2A4BA /* Debug */ = {
			isa = XCBuildConfiguration;
			buildSettings = {
				CODE_SIGN_IDENTITY = "-";
				CODE_SIGN_STYLE = Manual;
				DEVELOPMENT_TEAM = XM25KFD587;
				PRODUCT_NAME = "$(TARGET_NAME)";
				PROVISIONING_PROFILE_SPECIFIER = "";
			};
			name = Debug;
		};
		B3B2E8E82166AD0100C2A4BA /* Release */ = {
			isa = XCBuildConfiguration;
			buildSettings = {
				CODE_SIGN_IDENTITY = "-";
				CODE_SIGN_STYLE = Manual;
				DEVELOPMENT_TEAM = XM25KFD587;
				PRODUCT_NAME = "$(TARGET_NAME)";
				PROVISIONING_PROFILE_SPECIFIER = "";
			};
			name = Release;
		};
		B3BB80A32165ABE9005177BB /* Debug */ = {
			isa = XCBuildConfiguration;
			buildSettings = {
				ALWAYS_SEARCH_USER_PATHS = NO;
				CLANG_ANALYZER_NONNULL = YES;
				CLANG_ANALYZER_NUMBER_OBJECT_CONVERSION = YES_AGGRESSIVE;
				CLANG_CXX_LANGUAGE_STANDARD = "gnu++14";
				CLANG_CXX_LIBRARY = "libc++";
				CLANG_ENABLE_MODULES = YES;
				CLANG_ENABLE_OBJC_ARC = YES;
				CLANG_ENABLE_OBJC_WEAK = YES;
				CLANG_WARN_BLOCK_CAPTURE_AUTORELEASING = YES;
				CLANG_WARN_BOOL_CONVERSION = YES;
				CLANG_WARN_COMMA = YES;
				CLANG_WARN_CONSTANT_CONVERSION = YES;
				CLANG_WARN_DEPRECATED_OBJC_IMPLEMENTATIONS = YES;
				CLANG_WARN_DIRECT_OBJC_ISA_USAGE = YES_ERROR;
				CLANG_WARN_DOCUMENTATION_COMMENTS = YES;
				CLANG_WARN_EMPTY_BODY = YES;
				CLANG_WARN_ENUM_CONVERSION = YES;
				CLANG_WARN_INFINITE_RECURSION = YES;
				CLANG_WARN_INT_CONVERSION = YES;
				CLANG_WARN_NON_LITERAL_NULL_CONVERSION = YES;
				CLANG_WARN_OBJC_IMPLICIT_RETAIN_SELF = YES;
				CLANG_WARN_OBJC_LITERAL_CONVERSION = YES;
				CLANG_WARN_OBJC_ROOT_CLASS = YES_ERROR;
				CLANG_WARN_RANGE_LOOP_ANALYSIS = YES;
				CLANG_WARN_STRICT_PROTOTYPES = YES;
				CLANG_WARN_SUSPICIOUS_MOVE = YES;
				CLANG_WARN_UNGUARDED_AVAILABILITY = YES_AGGRESSIVE;
				CLANG_WARN_UNREACHABLE_CODE = YES;
				CLANG_WARN__DUPLICATE_METHOD_MATCH = YES;
				CODE_SIGN_IDENTITY = "-";
				CODE_SIGN_STYLE = Manual;
				COPY_PHASE_STRIP = NO;
				DEBUG_INFORMATION_FORMAT = dwarf;
				ENABLE_STRICT_OBJC_MSGSEND = YES;
				ENABLE_TESTABILITY = YES;
				GCC_C_LANGUAGE_STANDARD = gnu11;
				GCC_DYNAMIC_NO_PIC = NO;
				GCC_NO_COMMON_BLOCKS = YES;
				GCC_OPTIMIZATION_LEVEL = 0;
				GCC_PREPROCESSOR_DEFINITIONS = (
					"DEBUG=1",
					"$(inherited)",
				);
				GCC_WARN_64_TO_32_BIT_CONVERSION = YES;
				GCC_WARN_ABOUT_RETURN_TYPE = YES_ERROR;
				GCC_WARN_UNDECLARED_SELECTOR = YES;
				GCC_WARN_UNINITIALIZED_AUTOS = YES_AGGRESSIVE;
				GCC_WARN_UNUSED_FUNCTION = YES;
				GCC_WARN_UNUSED_VARIABLE = YES;
				HEADER_SEARCH_PATHS = /usr/local/Cellar/boost/1.67.0_1/include;
				LIBRARY_SEARCH_PATHS = /usr/local/Cellar/boost/1.67.0_1/lib;
				MACOSX_DEPLOYMENT_TARGET = 10.13;
				MTL_ENABLE_DEBUG_INFO = INCLUDE_SOURCE;
				MTL_FAST_MATH = YES;
				ONLY_ACTIVE_ARCH = YES;
				OTHER_LDFLAGS = (
					/usr/local/Cellar/boost/1.67.0_1/lib/libboost_filesystem.dylib,
					/usr/local/Cellar/boost/1.67.0_1/lib/libboost_system.dylib,
				);
				SDKROOT = macosx;
			};
			name = Debug;
		};
		B3BB80A42165ABE9005177BB /* Release */ = {
			isa = XCBuildConfiguration;
			buildSettings = {
				ALWAYS_SEARCH_USER_PATHS = NO;
				CLANG_ANALYZER_NONNULL = YES;
				CLANG_ANALYZER_NUMBER_OBJECT_CONVERSION = YES_AGGRESSIVE;
				CLANG_CXX_LANGUAGE_STANDARD = "gnu++14";
				CLANG_CXX_LIBRARY = "libc++";
				CLANG_ENABLE_MODULES = YES;
				CLANG_ENABLE_OBJC_ARC = YES;
				CLANG_ENABLE_OBJC_WEAK = YES;
				CLANG_WARN_BLOCK_CAPTURE_AUTORELEASING = YES;
				CLANG_WARN_BOOL_CONVERSION = YES;
				CLANG_WARN_COMMA = YES;
				CLANG_WARN_CONSTANT_CONVERSION = YES;
				CLANG_WARN_DEPRECATED_OBJC_IMPLEMENTATIONS = YES;
				CLANG_WARN_DIRECT_OBJC_ISA_USAGE = YES_ERROR;
				CLANG_WARN_DOCUMENTATION_COMMENTS = YES;
				CLANG_WARN_EMPTY_BODY = YES;
				CLANG_WARN_ENUM_CONVERSION = YES;
				CLANG_WARN_INFINITE_RECURSION = YES;
				CLANG_WARN_INT_CONVERSION = YES;
				CLANG_WARN_NON_LITERAL_NULL_CONVERSION = YES;
				CLANG_WARN_OBJC_IMPLICIT_RETAIN_SELF = YES;
				CLANG_WARN_OBJC_LITERAL_CONVERSION = YES;
				CLANG_WARN_OBJC_ROOT_CLASS = YES_ERROR;
				CLANG_WARN_RANGE_LOOP_ANALYSIS = YES;
				CLANG_WARN_STRICT_PROTOTYPES = YES;
				CLANG_WARN_SUSPICIOUS_MOVE = YES;
				CLANG_WARN_UNGUARDED_AVAILABILITY = YES_AGGRESSIVE;
				CLANG_WARN_UNREACHABLE_CODE = YES;
				CLANG_WARN__DUPLICATE_METHOD_MATCH = YES;
				CODE_SIGN_IDENTITY = "-";
				CODE_SIGN_STYLE = Manual;
				COPY_PHASE_STRIP = NO;
				DEBUG_INFORMATION_FORMAT = "dwarf-with-dsym";
				ENABLE_NS_ASSERTIONS = NO;
				ENABLE_STRICT_OBJC_MSGSEND = YES;
				GCC_C_LANGUAGE_STANDARD = gnu11;
				GCC_NO_COMMON_BLOCKS = YES;
				GCC_WARN_64_TO_32_BIT_CONVERSION = YES;
				GCC_WARN_ABOUT_RETURN_TYPE = YES_ERROR;
				GCC_WARN_UNDECLARED_SELECTOR = YES;
				GCC_WARN_UNINITIALIZED_AUTOS = YES_AGGRESSIVE;
				GCC_WARN_UNUSED_FUNCTION = YES;
				GCC_WARN_UNUSED_VARIABLE = YES;
				HEADER_SEARCH_PATHS = /usr/local/Cellar/boost/1.67.0_1/include;
				LIBRARY_SEARCH_PATHS = /usr/local/Cellar/boost/1.67.0_1/lib;
				MACOSX_DEPLOYMENT_TARGET = 10.13;
				MTL_ENABLE_DEBUG_INFO = NO;
				MTL_FAST_MATH = YES;
				OTHER_LDFLAGS = (
					/usr/local/Cellar/boost/1.67.0_1/lib/libboost_filesystem.dylib,
					/usr/local/Cellar/boost/1.67.0_1/lib/libboost_system.dylib,
				);
				SDKROOT = macosx;
			};
			name = Release;
		};
		B3BB80E62165B7DA005177BB /* Debug */ = {
			isa = XCBuildConfiguration;
			buildSettings = {
				CODE_SIGN_IDENTITY = "-";
				CODE_SIGN_STYLE = Manual;
				DEVELOPMENT_TEAM = XM25KFD587;
				PRODUCT_NAME = "$(TARGET_NAME)";
				PROVISIONING_PROFILE_SPECIFIER = "";
			};
			name = Debug;
		};
		B3BB80E72165B7DA005177BB /* Release */ = {
			isa = XCBuildConfiguration;
			buildSettings = {
				CODE_SIGN_IDENTITY = "-";
				CODE_SIGN_STYLE = Manual;
				DEVELOPMENT_TEAM = XM25KFD587;
				PRODUCT_NAME = "$(TARGET_NAME)";
				PROVISIONING_PROFILE_SPECIFIER = "";
			};
			name = Release;
		};
		B3BB81022165BE05005177BB /* Debug */ = {
			isa = XCBuildConfiguration;
			buildSettings = {
				CODE_SIGN_STYLE = Manual;
				DEVELOPMENT_TEAM = RDVU6E2FP5;
				EXECUTABLE_PREFIX = lib;
				PRODUCT_NAME = "$(TARGET_NAME)";
				SKIP_INSTALL = YES;
			};
			name = Debug;
		};
		B3BB81032165BE05005177BB /* Release */ = {
			isa = XCBuildConfiguration;
			buildSettings = {
				CODE_SIGN_STYLE = Manual;
				DEVELOPMENT_TEAM = RDVU6E2FP5;
				EXECUTABLE_PREFIX = lib;
				PRODUCT_NAME = "$(TARGET_NAME)";
				SKIP_INSTALL = YES;
			};
			name = Release;
		};
		B3BB81192165BF08005177BB /* Debug */ = {
			isa = XCBuildConfiguration;
			buildSettings = {
				CODE_SIGN_IDENTITY = "-";
				CODE_SIGN_STYLE = Manual;
				DEVELOPMENT_TEAM = XM25KFD587;
				PRODUCT_NAME = "$(TARGET_NAME)";
				PROVISIONING_PROFILE_SPECIFIER = "";
			};
			name = Debug;
		};
		B3BB811A2165BF08005177BB /* Release */ = {
			isa = XCBuildConfiguration;
			buildSettings = {
				CODE_SIGN_IDENTITY = "-";
				CODE_SIGN_STYLE = Manual;
				DEVELOPMENT_TEAM = XM25KFD587;
				PRODUCT_NAME = "$(TARGET_NAME)";
				PROVISIONING_PROFILE_SPECIFIER = "";
			};
			name = Release;
		};
/* End XCBuildConfiguration section */

/* Begin XCConfigurationList section */
		0E53B4FB218A4218003C85B1 /* Build configuration list for PBXNativeTarget "ReinforceDriver" */ = {
			isa = XCConfigurationList;
			buildConfigurations = (
				0E53B4F9218A4218003C85B1 /* Debug */,
				0E53B4FA218A4218003C85B1 /* Release */,
			);
			defaultConfigurationIsVisible = 0;
			defaultConfigurationName = Release;
		};
		34CB6CDC2188E297004054F6 /* Build configuration list for PBXNativeTarget "AttackDriver" */ = {
			isa = XCConfigurationList;
			buildConfigurations = (
				34CB6CDA2188E297004054F6 /* Debug */,
				34CB6CDB2188E297004054F6 /* Release */,
			);
			defaultConfigurationIsVisible = 0;
			defaultConfigurationName = Release;
		};
		6B0E76BE218A6F55006CECD2 /* Build configuration list for PBXNativeTarget "GameStart" */ = {
			isa = XCConfigurationList;
			buildConfigurations = (
				6B0E76BC218A6F55006CECD2 /* Debug */,
				6B0E76BD218A6F55006CECD2 /* Release */,
			);
			defaultConfigurationIsVisible = 0;
			defaultConfigurationName = Release;
		};
		6B0E76CA218A6F7B006CECD2 /* Build configuration list for PBXNativeTarget "GamePlay" */ = {
			isa = XCConfigurationList;
			buildConfigurations = (
				6B0E76CB218A6F7B006CECD2 /* Debug */,
				6B0E76CC218A6F7B006CECD2 /* Release */,
			);
			defaultConfigurationIsVisible = 0;
			defaultConfigurationName = Release;
		};
		6BB7268721ACC07500C26153 /* Build configuration list for PBXNativeTarget "TournamentDriver" */ = {
			isa = XCConfigurationList;
			buildConfigurations = (
				6BB7268821ACC07500C26153 /* Debug */,
				6BB7268921ACC07500C26153 /* Release */,
			);
			defaultConfigurationIsVisible = 0;
			defaultConfigurationName = Release;
		};
		B315A4902165CCCC005CAFD4 /* Build configuration list for PBXNativeTarget "StatsWinnerDriver" */ = {
			isa = XCConfigurationList;
			buildConfigurations = (
				B315A4912165CCCC005CAFD4 /* Debug */,
				B315A4922165CCCC005CAFD4 /* Release */,
			);
			defaultConfigurationIsVisible = 0;
			defaultConfigurationName = Release;
		};
		B32D3861218E54FE000C1568 /* Build configuration list for PBXNativeTarget "GameLoopDriver" */ = {
			isa = XCConfigurationList;
			buildConfigurations = (
				B32D3862218E54FE000C1568 /* Debug */,
				B32D3863218E54FE000C1568 /* Release */,
			);
			defaultConfigurationIsVisible = 0;
			defaultConfigurationName = Release;
		};
		B35FED76217ADD2B00FE6FA7 /* Build configuration list for PBXNativeTarget "FortifyControllerDriver" */ = {
			isa = XCConfigurationList;
			buildConfigurations = (
				B35FED77217ADD2B00FE6FA7 /* Debug */,
				B35FED78217ADD2B00FE6FA7 /* Release */,
			);
			defaultConfigurationIsVisible = 0;
			defaultConfigurationName = Release;
		};
		B3B2E8D721669CE300C2A4BA /* Build configuration list for PBXNativeTarget "CardsDeckDriver" */ = {
			isa = XCConfigurationList;
			buildConfigurations = (
				B3B2E8D821669CE300C2A4BA /* Debug */,
				B3B2E8D921669CE300C2A4BA /* Release */,
			);
			defaultConfigurationIsVisible = 0;
			defaultConfigurationName = Release;
		};
		B3B2E8E62166AD0100C2A4BA /* Build configuration list for PBXNativeTarget "PlayerDriver" */ = {
			isa = XCConfigurationList;
			buildConfigurations = (
				B3B2E8E72166AD0100C2A4BA /* Debug */,
				B3B2E8E82166AD0100C2A4BA /* Release */,
			);
			defaultConfigurationIsVisible = 0;
			defaultConfigurationName = Release;
		};
		B3BB80992165ABE9005177BB /* Build configuration list for PBXProject "Risk" */ = {
			isa = XCConfigurationList;
			buildConfigurations = (
				B3BB80A32165ABE9005177BB /* Debug */,
				B3BB80A42165ABE9005177BB /* Release */,
			);
			defaultConfigurationIsVisible = 0;
			defaultConfigurationName = Release;
		};
		B3BB80E52165B7DA005177BB /* Build configuration list for PBXNativeTarget "GameMapDriver" */ = {
			isa = XCConfigurationList;
			buildConfigurations = (
				B3BB80E62165B7DA005177BB /* Debug */,
				B3BB80E72165B7DA005177BB /* Release */,
			);
			defaultConfigurationIsVisible = 0;
			defaultConfigurationName = Release;
		};
		B3BB81012165BE05005177BB /* Build configuration list for PBXNativeTarget "Risk" */ = {
			isa = XCConfigurationList;
			buildConfigurations = (
				B3BB81022165BE05005177BB /* Debug */,
				B3BB81032165BE05005177BB /* Release */,
			);
			defaultConfigurationIsVisible = 0;
			defaultConfigurationName = Release;
		};
		B3BB81182165BF08005177BB /* Build configuration list for PBXNativeTarget "Dice" */ = {
			isa = XCConfigurationList;
			buildConfigurations = (
				B3BB81192165BF08005177BB /* Debug */,
				B3BB811A2165BF08005177BB /* Release */,
			);
			defaultConfigurationIsVisible = 0;
			defaultConfigurationName = Release;
		};
/* End XCConfigurationList section */
	};
	rootObject = B3BB80962165ABE9005177BB /* Project object */;
}
